// !$*UTF8*$!
{
	archiveVersion = 1;
	classes = {
	};
	objectVersion = 56;
	objects = {

/* Begin PBXBuildFile section */
		29D2D7D72BC8CE8A00B1F236 /* ios_app_moduleApp.swift in Sources */ = {isa = PBXBuildFile; fileRef = 29D2D7D62BC8CE8A00B1F236 /* ios_app_moduleApp.swift */; };
		29D2D7D92BC8CE8A00B1F236 /* ContentView.swift in Sources */ = {isa = PBXBuildFile; fileRef = 29D2D7D82BC8CE8A00B1F236 /* ContentView.swift */; };
		29D2D7DB2BC8CE8C00B1F236 /* Assets.xcassets in Resources */ = {isa = PBXBuildFile; fileRef = 29D2D7DA2BC8CE8C00B1F236 /* Assets.xcassets */; };
		29D2D7DE2BC8CE8C00B1F236 /* Preview Assets.xcassets in Resources */ = {isa = PBXBuildFile; fileRef = 29D2D7DD2BC8CE8C00B1F236 /* Preview Assets.xcassets */; };
		29D2D7E82BC8CE8C00B1F236 /* ios_app_moduleTests.swift in Sources */ = {isa = PBXBuildFile; fileRef = 29D2D7E72BC8CE8C00B1F236 /* ios_app_moduleTests.swift */; };
		29D2D7F22BC8CE8C00B1F236 /* ios_app_moduleUITests.swift in Sources */ = {isa = PBXBuildFile; fileRef = 29D2D7F12BC8CE8C00B1F236 /* ios_app_moduleUITests.swift */; };
		29D2D7F42BC8CE8C00B1F236 /* ios_app_moduleUITestsLaunchTests.swift in Sources */ = {isa = PBXBuildFile; fileRef = 29D2D7F32BC8CE8C00B1F236 /* ios_app_moduleUITestsLaunchTests.swift */; };
/* End PBXBuildFile section */

/* Begin PBXContainerItemProxy section */
		29D2D7E42BC8CE8C00B1F236 /* PBXContainerItemProxy */ = {
			isa = PBXContainerItemProxy;
			containerPortal = 29D2D7CB2BC8CE8A00B1F236 /* Project object */;
			proxyType = 1;
			remoteGlobalIDString = 29D2D7D22BC8CE8A00B1F236;
			remoteInfo = "ios-app-module";
		};
		29D2D7EE2BC8CE8C00B1F236 /* PBXContainerItemProxy */ = {
			isa = PBXContainerItemProxy;
			containerPortal = 29D2D7CB2BC8CE8A00B1F236 /* Project object */;
			proxyType = 1;
			remoteGlobalIDString = 29D2D7D22BC8CE8A00B1F236;
			remoteInfo = "ios-app-module";
		};
/* End PBXContainerItemProxy section */

/* Begin PBXFileReference section */
		29D2D7D32BC8CE8A00B1F236 /* ios-app-module.app */ = {isa = PBXFileReference; explicitFileType = wrapper.application; includeInIndex = 0; path = "ios-app-module.app"; sourceTree = BUILT_PRODUCTS_DIR; };
		29D2D7D62BC8CE8A00B1F236 /* ios_app_moduleApp.swift */ = {isa = PBXFileReference; lastKnownFileType = sourcecode.swift; path = ios_app_moduleApp.swift; sourceTree = "<group>"; };
		29D2D7D82BC8CE8A00B1F236 /* ContentView.swift */ = {isa = PBXFileReference; lastKnownFileType = sourcecode.swift; path = ContentView.swift; sourceTree = "<group>"; };
		29D2D7DA2BC8CE8C00B1F236 /* Assets.xcassets */ = {isa = PBXFileReference; lastKnownFileType = folder.assetcatalog; path = Assets.xcassets; sourceTree = "<group>"; };
		29D2D7DD2BC8CE8C00B1F236 /* Preview Assets.xcassets */ = {isa = PBXFileReference; lastKnownFileType = folder.assetcatalog; path = "Preview Assets.xcassets"; sourceTree = "<group>"; };
		29D2D7E32BC8CE8C00B1F236 /* ios-app-moduleTests.xctest */ = {isa = PBXFileReference; explicitFileType = wrapper.cfbundle; includeInIndex = 0; path = "ios-app-moduleTests.xctest"; sourceTree = BUILT_PRODUCTS_DIR; };
		29D2D7E72BC8CE8C00B1F236 /* ios_app_moduleTests.swift */ = {isa = PBXFileReference; lastKnownFileType = sourcecode.swift; path = ios_app_moduleTests.swift; sourceTree = "<group>"; };
		29D2D7ED2BC8CE8C00B1F236 /* ios-app-moduleUITests.xctest */ = {isa = PBXFileReference; explicitFileType = wrapper.cfbundle; includeInIndex = 0; path = "ios-app-moduleUITests.xctest"; sourceTree = BUILT_PRODUCTS_DIR; };
		29D2D7F12BC8CE8C00B1F236 /* ios_app_moduleUITests.swift */ = {isa = PBXFileReference; lastKnownFileType = sourcecode.swift; path = ios_app_moduleUITests.swift; sourceTree = "<group>"; };
		29D2D7F32BC8CE8C00B1F236 /* ios_app_moduleUITestsLaunchTests.swift */ = {isa = PBXFileReference; lastKnownFileType = sourcecode.swift; path = ios_app_moduleUITestsLaunchTests.swift; sourceTree = "<group>"; };
/* End PBXFileReference section */

/* Begin PBXFrameworksBuildPhase section */
		29D2D7D02BC8CE8A00B1F236 /* Frameworks */ = {
			isa = PBXFrameworksBuildPhase;
			buildActionMask = 2147483647;
			files = (
			);
			runOnlyForDeploymentPostprocessing = 0;
		};
		29D2D7E02BC8CE8C00B1F236 /* Frameworks */ = {
			isa = PBXFrameworksBuildPhase;
			buildActionMask = 2147483647;
			files = (
			);
			runOnlyForDeploymentPostprocessing = 0;
		};
		29D2D7EA2BC8CE8C00B1F236 /* Frameworks */ = {
			isa = PBXFrameworksBuildPhase;
			buildActionMask = 2147483647;
			files = (
			);
			runOnlyForDeploymentPostprocessing = 0;
		};
/* End PBXFrameworksBuildPhase section */

/* Begin PBXGroup section */
		29D2D7CA2BC8CE8A00B1F236 = {
			isa = PBXGroup;
			children = (
				29D2D7D52BC8CE8A00B1F236 /* ios-app-module */,
				29D2D7E62BC8CE8C00B1F236 /* ios-app-moduleTests */,
				29D2D7F02BC8CE8C00B1F236 /* ios-app-moduleUITests */,
				29D2D7D42BC8CE8A00B1F236 /* Products */,
			);
			sourceTree = "<group>";
		};
		29D2D7D42BC8CE8A00B1F236 /* Products */ = {
			isa = PBXGroup;
			children = (
				29D2D7D32BC8CE8A00B1F236 /* ios-app-module.app */,
				29D2D7E32BC8CE8C00B1F236 /* ios-app-moduleTests.xctest */,
				29D2D7ED2BC8CE8C00B1F236 /* ios-app-moduleUITests.xctest */,
			);
			name = Products;
			sourceTree = "<group>";
		};
		29D2D7D52BC8CE8A00B1F236 /* ios-app-module */ = {
			isa = PBXGroup;
			children = (
				29D2D7D62BC8CE8A00B1F236 /* ios_app_moduleApp.swift */,
				29D2D7D82BC8CE8A00B1F236 /* ContentView.swift */,
				29D2D7DA2BC8CE8C00B1F236 /* Assets.xcassets */,
				29D2D7DC2BC8CE8C00B1F236 /* Preview Content */,
			);
			path = "ios-app-module";
			sourceTree = "<group>";
		};
		29D2D7DC2BC8CE8C00B1F236 /* Preview Content */ = {
			isa = PBXGroup;
			children = (
				29D2D7DD2BC8CE8C00B1F236 /* Preview Assets.xcassets */,
			);
			path = "Preview Content";
			sourceTree = "<group>";
		};
		29D2D7E62BC8CE8C00B1F236 /* ios-app-moduleTests */ = {
			isa = PBXGroup;
			children = (
				29D2D7E72BC8CE8C00B1F236 /* ios_app_moduleTests.swift */,
			);
			path = "ios-app-moduleTests";
			sourceTree = "<group>";
		};
		29D2D7F02BC8CE8C00B1F236 /* ios-app-moduleUITests */ = {
			isa = PBXGroup;
			children = (
				29D2D7F12BC8CE8C00B1F236 /* ios_app_moduleUITests.swift */,
				29D2D7F32BC8CE8C00B1F236 /* ios_app_moduleUITestsLaunchTests.swift */,
			);
			path = "ios-app-moduleUITests";
			sourceTree = "<group>";
		};
/* End PBXGroup section */

/* Begin PBXNativeTarget section */
		29D2D7D22BC8CE8A00B1F236 /* ios-app-module */ = {
			isa = PBXNativeTarget;
			buildConfigurationList = 29D2D7F72BC8CE8C00B1F236 /* Build configuration list for PBXNativeTarget "ios-app-module" */;
			buildPhases = (
				29D2D7CF2BC8CE8A00B1F236 /* Sources */,
				29D2D7D02BC8CE8A00B1F236 /* Frameworks */,
				29D2D7D12BC8CE8A00B1F236 /* Resources */,
			);
			buildRules = (
			);
			dependencies = (
			);
			name = "ios-app-module";
			productName = "ios-app-module";
			productReference = 29D2D7D32BC8CE8A00B1F236 /* ios-app-module.app */;
			productType = "com.apple.product-type.application";
		};
		29D2D7E22BC8CE8C00B1F236 /* ios-app-moduleTests */ = {
			isa = PBXNativeTarget;
			buildConfigurationList = 29D2D7FA2BC8CE8C00B1F236 /* Build configuration list for PBXNativeTarget "ios-app-moduleTests" */;
			buildPhases = (
				29D2D7DF2BC8CE8C00B1F236 /* Sources */,
				29D2D7E02BC8CE8C00B1F236 /* Frameworks */,
				29D2D7E12BC8CE8C00B1F236 /* Resources */,
			);
			buildRules = (
			);
			dependencies = (
				29D2D7E52BC8CE8C00B1F236 /* PBXTargetDependency */,
			);
			name = "ios-app-moduleTests";
			productName = "ios-app-moduleTests";
			productReference = 29D2D7E32BC8CE8C00B1F236 /* ios-app-moduleTests.xctest */;
			productType = "com.apple.product-type.bundle.unit-test";
		};
		29D2D7EC2BC8CE8C00B1F236 /* ios-app-moduleUITests */ = {
			isa = PBXNativeTarget;
			buildConfigurationList = 29D2D7FD2BC8CE8C00B1F236 /* Build configuration list for PBXNativeTarget "ios-app-moduleUITests" */;
			buildPhases = (
				29D2D7E92BC8CE8C00B1F236 /* Sources */,
				29D2D7EA2BC8CE8C00B1F236 /* Frameworks */,
				29D2D7EB2BC8CE8C00B1F236 /* Resources */,
			);
			buildRules = (
			);
			dependencies = (
				29D2D7EF2BC8CE8C00B1F236 /* PBXTargetDependency */,
			);
			name = "ios-app-moduleUITests";
			productName = "ios-app-moduleUITests";
			productReference = 29D2D7ED2BC8CE8C00B1F236 /* ios-app-moduleUITests.xctest */;
			productType = "com.apple.product-type.bundle.ui-testing";
		};
/* End PBXNativeTarget section */

/* Begin PBXProject section */
		29D2D7CB2BC8CE8A00B1F236 /* Project object */ = {
			isa = PBXProject;
			attributes = {
				BuildIndependentTargetsInParallel = 1;
				LastSwiftUpdateCheck = 1530;
				LastUpgradeCheck = 1530;
				TargetAttributes = {
					29D2D7D22BC8CE8A00B1F236 = {
						CreatedOnToolsVersion = 15.3;
					};
					29D2D7E22BC8CE8C00B1F236 = {
						CreatedOnToolsVersion = 15.3;
						TestTargetID = 29D2D7D22BC8CE8A00B1F236;
					};
					29D2D7EC2BC8CE8C00B1F236 = {
						CreatedOnToolsVersion = 15.3;
						TestTargetID = 29D2D7D22BC8CE8A00B1F236;
					};
				};
			};
			buildConfigurationList = 29D2D7CE2BC8CE8A00B1F236 /* Build configuration list for PBXProject "ios-app-module" */;
			compatibilityVersion = "Xcode 14.0";
			developmentRegion = en;
			hasScannedForEncodings = 0;
			knownRegions = (
				en,
				Base,
			);
			mainGroup = 29D2D7CA2BC8CE8A00B1F236;
			productRefGroup = 29D2D7D42BC8CE8A00B1F236 /* Products */;
			projectDirPath = "";
			projectRoot = "";
			targets = (
				29D2D7D22BC8CE8A00B1F236 /* ios-app-module */,
				29D2D7E22BC8CE8C00B1F236 /* ios-app-moduleTests */,
				29D2D7EC2BC8CE8C00B1F236 /* ios-app-moduleUITests */,
			);
		};
/* End PBXProject section */

/* Begin PBXResourcesBuildPhase section */
		29D2D7D12BC8CE8A00B1F236 /* Resources */ = {
			isa = PBXResourcesBuildPhase;
			buildActionMask = 2147483647;
			files = (
				29D2D7DE2BC8CE8C00B1F236 /* Preview Assets.xcassets in Resources */,
				29D2D7DB2BC8CE8C00B1F236 /* Assets.xcassets in Resources */,
			);
			runOnlyForDeploymentPostprocessing = 0;
		};
		29D2D7E12BC8CE8C00B1F236 /* Resources */ = {
			isa = PBXResourcesBuildPhase;
			buildActionMask = 2147483647;
			files = (
			);
			runOnlyForDeploymentPostprocessing = 0;
		};
		29D2D7EB2BC8CE8C00B1F236 /* Resources */ = {
			isa = PBXResourcesBuildPhase;
			buildActionMask = 2147483647;
			files = (
			);
			runOnlyForDeploymentPostprocessing = 0;
		};
/* End PBXResourcesBuildPhase section */

/* Begin PBXSourcesBuildPhase section */
		29D2D7CF2BC8CE8A00B1F236 /* Sources */ = {
			isa = PBXSourcesBuildPhase;
			buildActionMask = 2147483647;
			files = (
				29D2D7D92BC8CE8A00B1F236 /* ContentView.swift in Sources */,
				29D2D7D72BC8CE8A00B1F236 /* ios_app_moduleApp.swift in Sources */,
			);
			runOnlyForDeploymentPostprocessing = 0;
		};
		29D2D7DF2BC8CE8C00B1F236 /* Sources */ = {
			isa = PBXSourcesBuildPhase;
			buildActionMask = 2147483647;
			files = (
				29D2D7E82BC8CE8C00B1F236 /* ios_app_moduleTests.swift in Sources */,
			);
			runOnlyForDeploymentPostprocessing = 0;
		};
		29D2D7E92BC8CE8C00B1F236 /* Sources */ = {
			isa = PBXSourcesBuildPhase;
			buildActionMask = 2147483647;
			files = (
				29D2D7F42BC8CE8C00B1F236 /* ios_app_moduleUITestsLaunchTests.swift in Sources */,
				29D2D7F22BC8CE8C00B1F236 /* ios_app_moduleUITests.swift in Sources */,
			);
			runOnlyForDeploymentPostprocessing = 0;
		};
/* End PBXSourcesBuildPhase section */

/* Begin PBXTargetDependency section */
		29D2D7E52BC8CE8C00B1F236 /* PBXTargetDependency */ = {
			isa = PBXTargetDependency;
			target = 29D2D7D22BC8CE8A00B1F236 /* ios-app-module */;
			targetProxy = 29D2D7E42BC8CE8C00B1F236 /* PBXContainerItemProxy */;
		};
		29D2D7EF2BC8CE8C00B1F236 /* PBXTargetDependency */ = {
			isa = PBXTargetDependency;
			target = 29D2D7D22BC8CE8A00B1F236 /* ios-app-module */;
			targetProxy = 29D2D7EE2BC8CE8C00B1F236 /* PBXContainerItemProxy */;
		};
/* End PBXTargetDependency section */

/* Begin XCBuildConfiguration section */
		29D2D7F52BC8CE8C00B1F236 /* Debug */ = {
			isa = XCBuildConfiguration;
			buildSettings = {
				ALWAYS_SEARCH_USER_PATHS = NO;
				ASSETCATALOG_COMPILER_GENERATE_SWIFT_ASSET_SYMBOL_EXTENSIONS = YES;
				CLANG_ANALYZER_NONNULL = YES;
				CLANG_ANALYZER_NUMBER_OBJECT_CONVERSION = YES_AGGRESSIVE;
				CLANG_CXX_LANGUAGE_STANDARD = "gnu++20";
				CLANG_ENABLE_MODULES = YES;
				CLANG_ENABLE_OBJC_ARC = YES;
				CLANG_ENABLE_OBJC_WEAK = YES;
				CLANG_WARN_BLOCK_CAPTURE_AUTORELEASING = YES;
				CLANG_WARN_BOOL_CONVERSION = YES;
				CLANG_WARN_COMMA = YES;
				CLANG_WARN_CONSTANT_CONVERSION = YES;
				CLANG_WARN_DEPRECATED_OBJC_IMPLEMENTATIONS = YES;
				CLANG_WARN_DIRECT_OBJC_ISA_USAGE = YES_ERROR;
				CLANG_WARN_DOCUMENTATION_COMMENTS = YES;
				CLANG_WARN_EMPTY_BODY = YES;
				CLANG_WARN_ENUM_CONVERSION = YES;
				CLANG_WARN_INFINITE_RECURSION = YES;
				CLANG_WARN_INT_CONVERSION = YES;
				CLANG_WARN_NON_LITERAL_NULL_CONVERSION = YES;
				CLANG_WARN_OBJC_IMPLICIT_RETAIN_SELF = YES;
				CLANG_WARN_OBJC_LITERAL_CONVERSION = YES;
				CLANG_WARN_OBJC_ROOT_CLASS = YES_ERROR;
				CLANG_WARN_QUOTED_INCLUDE_IN_FRAMEWORK_HEADER = YES;
				CLANG_WARN_RANGE_LOOP_ANALYSIS = YES;
				CLANG_WARN_STRICT_PROTOTYPES = YES;
				CLANG_WARN_SUSPICIOUS_MOVE = YES;
				CLANG_WARN_UNGUARDED_AVAILABILITY = YES_AGGRESSIVE;
				CLANG_WARN_UNREACHABLE_CODE = YES;
				CLANG_WARN__DUPLICATE_METHOD_MATCH = YES;
				COPY_PHASE_STRIP = NO;
				DEBUG_INFORMATION_FORMAT = dwarf;
				ENABLE_STRICT_OBJC_MSGSEND = YES;
				ENABLE_TESTABILITY = YES;
				ENABLE_USER_SCRIPT_SANDBOXING = YES;
				GCC_C_LANGUAGE_STANDARD = gnu17;
				GCC_DYNAMIC_NO_PIC = NO;
				GCC_NO_COMMON_BLOCKS = YES;
				GCC_OPTIMIZATION_LEVEL = 0;
				GCC_PREPROCESSOR_DEFINITIONS = (
					"DEBUG=1",
					"$(inherited)",
				);
				GCC_WARN_64_TO_32_BIT_CONVERSION = YES;
				GCC_WARN_ABOUT_RETURN_TYPE = YES_ERROR;
				GCC_WARN_UNDECLARED_SELECTOR = YES;
				GCC_WARN_UNINITIALIZED_AUTOS = YES_AGGRESSIVE;
				GCC_WARN_UNUSED_FUNCTION = YES;
				GCC_WARN_UNUSED_VARIABLE = YES;
				IPHONEOS_DEPLOYMENT_TARGET = 17.4;
				LOCALIZATION_PREFERS_STRING_CATALOGS = YES;
				MTL_ENABLE_DEBUG_INFO = INCLUDE_SOURCE;
				MTL_FAST_MATH = YES;
				ONLY_ACTIVE_ARCH = YES;
				SDKROOT = iphoneos;
				SWIFT_ACTIVE_COMPILATION_CONDITIONS = "DEBUG $(inherited)";
				SWIFT_OPTIMIZATION_LEVEL = "-Onone";
			};
			name = Debug;
		};
		29D2D7F62BC8CE8C00B1F236 /* Release */ = {
			isa = XCBuildConfiguration;
			buildSettings = {
				ALWAYS_SEARCH_USER_PATHS = NO;
				ASSETCATALOG_COMPILER_GENERATE_SWIFT_ASSET_SYMBOL_EXTENSIONS = YES;
				CLANG_ANALYZER_NONNULL = YES;
				CLANG_ANALYZER_NUMBER_OBJECT_CONVERSION = YES_AGGRESSIVE;
				CLANG_CXX_LANGUAGE_STANDARD = "gnu++20";
				CLANG_ENABLE_MODULES = YES;
				CLANG_ENABLE_OBJC_ARC = YES;
				CLANG_ENABLE_OBJC_WEAK = YES;
				CLANG_WARN_BLOCK_CAPTURE_AUTORELEASING = YES;
				CLANG_WARN_BOOL_CONVERSION = YES;
				CLANG_WARN_COMMA = YES;
				CLANG_WARN_CONSTANT_CONVERSION = YES;
				CLANG_WARN_DEPRECATED_OBJC_IMPLEMENTATIONS = YES;
				CLANG_WARN_DIRECT_OBJC_ISA_USAGE = YES_ERROR;
				CLANG_WARN_DOCUMENTATION_COMMENTS = YES;
				CLANG_WARN_EMPTY_BODY = YES;
				CLANG_WARN_ENUM_CONVERSION = YES;
				CLANG_WARN_INFINITE_RECURSION = YES;
				CLANG_WARN_INT_CONVERSION = YES;
				CLANG_WARN_NON_LITERAL_NULL_CONVERSION = YES;
				CLANG_WARN_OBJC_IMPLICIT_RETAIN_SELF = YES;
				CLANG_WARN_OBJC_LITERAL_CONVERSION = YES;
				CLANG_WARN_OBJC_ROOT_CLASS = YES_ERROR;
				CLANG_WARN_QUOTED_INCLUDE_IN_FRAMEWORK_HEADER = YES;
				CLANG_WARN_RANGE_LOOP_ANALYSIS = YES;
				CLANG_WARN_STRICT_PROTOTYPES = YES;
				CLANG_WARN_SUSPICIOUS_MOVE = YES;
				CLANG_WARN_UNGUARDED_AVAILABILITY = YES_AGGRESSIVE;
				CLANG_WARN_UNREACHABLE_CODE = YES;
				CLANG_WARN__DUPLICATE_METHOD_MATCH = YES;
				COPY_PHASE_STRIP = NO;
				DEBUG_INFORMATION_FORMAT = "dwarf-with-dsym";
				ENABLE_NS_ASSERTIONS = NO;
				ENABLE_STRICT_OBJC_MSGSEND = YES;
				ENABLE_USER_SCRIPT_SANDBOXING = YES;
				GCC_C_LANGUAGE_STANDARD = gnu17;
				GCC_NO_COMMON_BLOCKS = YES;
				GCC_WARN_64_TO_32_BIT_CONVERSION = YES;
				GCC_WARN_ABOUT_RETURN_TYPE = YES_ERROR;
				GCC_WARN_UNDECLARED_SELECTOR = YES;
				GCC_WARN_UNINITIALIZED_AUTOS = YES_AGGRESSIVE;
				GCC_WARN_UNUSED_FUNCTION = YES;
				GCC_WARN_UNUSED_VARIABLE = YES;
				IPHONEOS_DEPLOYMENT_TARGET = 17.4;
				LOCALIZATION_PREFERS_STRING_CATALOGS = YES;
				MTL_ENABLE_DEBUG_INFO = NO;
				MTL_FAST_MATH = YES;
				SDKROOT = iphoneos;
				SWIFT_COMPILATION_MODE = wholemodule;
				VALIDATE_PRODUCT = YES;
			};
			name = Release;
		};
		29D2D7F82BC8CE8C00B1F236 /* Debug */ = {
			isa = XCBuildConfiguration;
			buildSettings = {
				ASSETCATALOG_COMPILER_APPICON_NAME = AppIcon;
				ASSETCATALOG_COMPILER_GLOBAL_ACCENT_COLOR_NAME = AccentColor;
				CODE_SIGN_STYLE = Automatic;
				CURRENT_PROJECT_VERSION = 1;
				DEVELOPMENT_ASSET_PATHS = "\"ios-app-module/Preview Content\"";
				DEVELOPMENT_TEAM = DRBUVLQWKW;
				ENABLE_PREVIEWS = YES;
				GENERATE_INFOPLIST_FILE = YES;
				INFOPLIST_KEY_UIApplicationSceneManifest_Generation = YES;
				INFOPLIST_KEY_UIApplicationSupportsIndirectInputEvents = YES;
				INFOPLIST_KEY_UILaunchScreen_Generation = YES;
				INFOPLIST_KEY_UISupportedInterfaceOrientations_iPad = "UIInterfaceOrientationPortrait UIInterfaceOrientationPortraitUpsideDown UIInterfaceOrientationLandscapeLeft UIInterfaceOrientationLandscapeRight";
				INFOPLIST_KEY_UISupportedInterfaceOrientations_iPhone = "UIInterfaceOrientationPortrait UIInterfaceOrientationLandscapeLeft UIInterfaceOrientationLandscapeRight";
				LD_RUNPATH_SEARCH_PATHS = (
					"$(inherited)",
					"@executable_path/Frameworks",
				);
				MARKETING_VERSION = 1.0;
				PRODUCT_BUNDLE_IDENTIFIER = "test.ios-app-module";
				PRODUCT_NAME = "$(TARGET_NAME)";
				SWIFT_EMIT_LOC_STRINGS = YES;
				SWIFT_VERSION = 5.0;
				TARGETED_DEVICE_FAMILY = "1,2";
			};
			name = Debug;
		};
		29D2D7F92BC8CE8C00B1F236 /* Release */ = {
			isa = XCBuildConfiguration;
			buildSettings = {
				ASSETCATALOG_COMPILER_APPICON_NAME = AppIcon;
				ASSETCATALOG_COMPILER_GLOBAL_ACCENT_COLOR_NAME = AccentColor;
				CODE_SIGN_STYLE = Automatic;
				CURRENT_PROJECT_VERSION = 1;
				DEVELOPMENT_ASSET_PATHS = "\"ios-app-module/Preview Content\"";
				DEVELOPMENT_TEAM = DRBUVLQWKW;
				ENABLE_PREVIEWS = YES;
				GENERATE_INFOPLIST_FILE = YES;
				INFOPLIST_KEY_UIApplicationSceneManifest_Generation = YES;
				INFOPLIST_KEY_UIApplicationSupportsIndirectInputEvents = YES;
				INFOPLIST_KEY_UILaunchScreen_Generation = YES;
				INFOPLIST_KEY_UISupportedInterfaceOrientations_iPad = "UIInterfaceOrientationPortrait UIInterfaceOrientationPortraitUpsideDown UIInterfaceOrientationLandscapeLeft UIInterfaceOrientationLandscapeRight";
				INFOPLIST_KEY_UISupportedInterfaceOrientations_iPhone = "UIInterfaceOrientationPortrait UIInterfaceOrientationLandscapeLeft UIInterfaceOrientationLandscapeRight";
				LD_RUNPATH_SEARCH_PATHS = (
					"$(inherited)",
					"@executable_path/Frameworks",
				);
				MARKETING_VERSION = 1.0;
				PRODUCT_BUNDLE_IDENTIFIER = "test.ios-app-module";
				PRODUCT_NAME = "$(TARGET_NAME)";
				SWIFT_EMIT_LOC_STRINGS = YES;
				SWIFT_VERSION = 5.0;
				TARGETED_DEVICE_FAMILY = "1,2";
			};
			name = Release;
		};
		29D2D7FB2BC8CE8C00B1F236 /* Debug */ = {
			isa = XCBuildConfiguration;
			buildSettings = {
				ALWAYS_EMBED_SWIFT_STANDARD_LIBRARIES = YES;
				BUNDLE_LOADER = "$(TEST_HOST)";
				CODE_SIGN_STYLE = Automatic;
				CURRENT_PROJECT_VERSION = 1;
				DEVELOPMENT_TEAM = DRBUVLQWKW;
				GENERATE_INFOPLIST_FILE = YES;
				IPHONEOS_DEPLOYMENT_TARGET = 17.4;
				MARKETING_VERSION = 1.0;
				PRODUCT_BUNDLE_IDENTIFIER = "test.ios-app-moduleTests";
				PRODUCT_NAME = "$(TARGET_NAME)";
				SWIFT_EMIT_LOC_STRINGS = NO;
				SWIFT_VERSION = 5.0;
				TARGETED_DEVICE_FAMILY = "1,2";
				TEST_HOST = "$(BUILT_PRODUCTS_DIR)/ios-app-module.app/$(BUNDLE_EXECUTABLE_FOLDER_PATH)/ios-app-module";
			};
			name = Debug;
		};
		29D2D7FC2BC8CE8C00B1F236 /* Release */ = {
			isa = XCBuildConfiguration;
			buildSettings = {
				ALWAYS_EMBED_SWIFT_STANDARD_LIBRARIES = YES;
				BUNDLE_LOADER = "$(TEST_HOST)";
				CODE_SIGN_STYLE = Automatic;
				CURRENT_PROJECT_VERSION = 1;
				DEVELOPMENT_TEAM = DRBUVLQWKW;
				GENERATE_INFOPLIST_FILE = YES;
				IPHONEOS_DEPLOYMENT_TARGET = 17.4;
				MARKETING_VERSION = 1.0;
				PRODUCT_BUNDLE_IDENTIFIER = "test.ios-app-moduleTests";
				PRODUCT_NAME = "$(TARGET_NAME)";
				SWIFT_EMIT_LOC_STRINGS = NO;
				SWIFT_VERSION = 5.0;
				TARGETED_DEVICE_FAMILY = "1,2";
				TEST_HOST = "$(BUILT_PRODUCTS_DIR)/ios-app-module.app/$(BUNDLE_EXECUTABLE_FOLDER_PATH)/ios-app-module";
			};
			name = Release;
		};
		29D2D7FE2BC8CE8C00B1F236 /* Debug */ = {
			isa = XCBuildConfiguration;
			buildSettings = {
				ALWAYS_EMBED_SWIFT_STANDARD_LIBRARIES = YES;
				CODE_SIGN_STYLE = Automatic;
				CURRENT_PROJECT_VERSION = 1;
				DEVELOPMENT_TEAM = DRBUVLQWKW;
				GENERATE_INFOPLIST_FILE = YES;
				MARKETING_VERSION = 1.0;
				PRODUCT_BUNDLE_IDENTIFIER = "test.ios-app-moduleUITests";
				PRODUCT_NAME = "$(TARGET_NAME)";
				SWIFT_EMIT_LOC_STRINGS = NO;
				SWIFT_VERSION = 5.0;
				TARGETED_DEVICE_FAMILY = "1,2";
				TEST_TARGET_NAME = "ios-app-module";
			};
			name = Debug;
		};
		29D2D7FF2BC8CE8C00B1F236 /* Release */ = {
			isa = XCBuildConfiguration;
			buildSettings = {
				ALWAYS_EMBED_SWIFT_STANDARD_LIBRARIES = YES;
				CODE_SIGN_STYLE = Automatic;
				CURRENT_PROJECT_VERSION = 1;
				DEVELOPMENT_TEAM = DRBUVLQWKW;
				GENERATE_INFOPLIST_FILE = YES;
				MARKETING_VERSION = 1.0;
				PRODUCT_BUNDLE_IDENTIFIER = "test.ios-app-moduleUITests";
				PRODUCT_NAME = "$(TARGET_NAME)";
				SWIFT_EMIT_LOC_STRINGS = NO;
				SWIFT_VERSION = 5.0;
				TARGETED_DEVICE_FAMILY = "1,2";
				TEST_TARGET_NAME = "ios-app-module";
			};
			name = Release;
		};
/* End XCBuildConfiguration section */

/* Begin XCConfigurationList section */
		29D2D7CE2BC8CE8A00B1F236 /* Build configuration list for PBXProject "ios-app-module" */ = {
			isa = XCConfigurationList;
			buildConfigurations = (
				29D2D7F52BC8CE8C00B1F236 /* Debug */,
				29D2D7F62BC8CE8C00B1F236 /* Release */,
			);
			defaultConfigurationIsVisible = 0;
			defaultConfigurationName = Release;
		};
		29D2D7F72BC8CE8C00B1F236 /* Build configuration list for PBXNativeTarget "ios-app-module" */ = {
			isa = XCConfigurationList;
			buildConfigurations = (
				29D2D7F82BC8CE8C00B1F236 /* Debug */,
				29D2D7F92BC8CE8C00B1F236 /* Release */,
			);
			defaultConfigurationIsVisible = 0;
			defaultConfigurationName = Release;
		};
		29D2D7FA2BC8CE8C00B1F236 /* Build configuration list for PBXNativeTarget "ios-app-moduleTests" */ = {
			isa = XCConfigurationList;
			buildConfigurations = (
				29D2D7FB2BC8CE8C00B1F236 /* Debug */,
				29D2D7FC2BC8CE8C00B1F236 /* Release */,
			);
			defaultConfigurationIsVisible = 0;
			defaultConfigurationName = Release;
		};
		29D2D7FD2BC8CE8C00B1F236 /* Build configuration list for PBXNativeTarget "ios-app-moduleUITests" */ = {
			isa = XCConfigurationList;
			buildConfigurations = (
				29D2D7FE2BC8CE8C00B1F236 /* Debug */,
				29D2D7FF2BC8CE8C00B1F236 /* Release */,
			);
			defaultConfigurationIsVisible = 0;
			defaultConfigurationName = Release;
		};
/* End XCConfigurationList section */
	};
	rootObject = 29D2D7CB2BC8CE8A00B1F236 /* Project object */;
}
