// !$*UTF8*$!
{
	archiveVersion = 1;
	classes = {
	};
	objectVersion = 56;
	objects = {

/* Begin PBXBuildFile section */
		299CA2122BFC41A70010ACFC /* firebase_analytics.xcframework in Frameworks */ = {isa = PBXBuildFile; fileRef = 299CA1D82BFC41A60010ACFC /* firebase_analytics.xcframework */; };
		299CA2132BFC41A70010ACFC /* FlutterPluginRegistrant.xcframework in Frameworks */ = {isa = PBXBuildFile; fileRef = 299CA1D92BFC41A60010ACFC /* FlutterPluginRegistrant.xcframework */; };
		299CA2142BFC41A70010ACFC /* RecaptchaInterop.xcframework in Frameworks */ = {isa = PBXBuildFile; fileRef = 299CA1DA2BFC41A60010ACFC /* RecaptchaInterop.xcframework */; };
		299CA2152BFC41A70010ACFC /* fluttertoast.xcframework in Frameworks */ = {isa = PBXBuildFile; fileRef = 299CA1DB2BFC41A60010ACFC /* fluttertoast.xcframework */; };
		299CA2162BFC41A70010ACFC /* Flutter.xcframework in Frameworks */ = {isa = PBXBuildFile; fileRef = 299CA1DC2BFC41A60010ACFC /* Flutter.xcframework */; };
		299CA2172BFC41A70010ACFC /* firebase_dynamic_links.xcframework in Frameworks */ = {isa = PBXBuildFile; fileRef = 299CA1DD2BFC41A60010ACFC /* firebase_dynamic_links.xcframework */; };
		299CA2182BFC41A70010ACFC /* FirebaseDynamicLinks.xcframework in Frameworks */ = {isa = PBXBuildFile; fileRef = 299CA1DE2BFC41A60010ACFC /* FirebaseDynamicLinks.xcframework */; };
		299CA2192BFC41A70010ACFC /* FBLPromises.xcframework in Frameworks */ = {isa = PBXBuildFile; fileRef = 299CA1DF2BFC41A60010ACFC /* FBLPromises.xcframework */; };
		299CA21A2BFC41A70010ACFC /* package_info_plus.xcframework in Frameworks */ = {isa = PBXBuildFile; fileRef = 299CA1E02BFC41A60010ACFC /* package_info_plus.xcframework */; };
		299CA21B2BFC41A70010ACFC /* grpcpp.xcframework in Frameworks */ = {isa = PBXBuildFile; fileRef = 299CA1E12BFC41A60010ACFC /* grpcpp.xcframework */; };
		299CA21C2BFC41A70010ACFC /* FMDB.xcframework in Frameworks */ = {isa = PBXBuildFile; fileRef = 299CA1E22BFC41A60010ACFC /* FMDB.xcframework */; };
		299CA21D2BFC41A70010ACFC /* share_plus.xcframework in Frameworks */ = {isa = PBXBuildFile; fileRef = 299CA1E32BFC41A60010ACFC /* share_plus.xcframework */; };
		299CA21E2BFC41A70010ACFC /* firebase_database.xcframework in Frameworks */ = {isa = PBXBuildFile; fileRef = 299CA1E42BFC41A60010ACFC /* firebase_database.xcframework */; };
		299CA21F2BFC41A70010ACFC /* MTBBarcodeScanner.xcframework in Frameworks */ = {isa = PBXBuildFile; fileRef = 299CA1E52BFC41A60010ACFC /* MTBBarcodeScanner.xcframework */; };
		299CA2202BFC41A70010ACFC /* Toast.xcframework in Frameworks */ = {isa = PBXBuildFile; fileRef = 299CA1E62BFC41A60010ACFC /* Toast.xcframework */; };
		299CA2212BFC41A70010ACFC /* firebase_messaging.xcframework in Frameworks */ = {isa = PBXBuildFile; fileRef = 299CA1E72BFC41A60010ACFC /* firebase_messaging.xcframework */; };
		299CA2222BFC41A70010ACFC /* image_picker_ios.xcframework in Frameworks */ = {isa = PBXBuildFile; fileRef = 299CA1E82BFC41A60010ACFC /* image_picker_ios.xcframework */; };
		299CA2232BFC41A70010ACFC /* FirebaseAppCheckInterop.xcframework in Frameworks */ = {isa = PBXBuildFile; fileRef = 299CA1E92BFC41A60010ACFC /* FirebaseAppCheckInterop.xcframework */; };
		299CA2242BFC41A70010ACFC /* leveldb.xcframework in Frameworks */ = {isa = PBXBuildFile; fileRef = 299CA1EA2BFC41A60010ACFC /* leveldb.xcframework */; };
		299CA2252BFC41A70010ACFC /* path_provider_foundation.xcframework in Frameworks */ = {isa = PBXBuildFile; fileRef = 299CA1EB2BFC41A60010ACFC /* path_provider_foundation.xcframework */; };
		299CA2262BFC41A70010ACFC /* TOCropViewController.xcframework in Frameworks */ = {isa = PBXBuildFile; fileRef = 299CA1EC2BFC41A60010ACFC /* TOCropViewController.xcframework */; };
		299CA2272BFC41A70010ACFC /* video_player_avfoundation.xcframework in Frameworks */ = {isa = PBXBuildFile; fileRef = 299CA1ED2BFC41A60010ACFC /* video_player_avfoundation.xcframework */; };
		299CA2282BFC41A70010ACFC /* flutter_keyboard_visibility.xcframework in Frameworks */ = {isa = PBXBuildFile; fileRef = 299CA1EE2BFC41A60010ACFC /* flutter_keyboard_visibility.xcframework */; };
		299CA2292BFC41A70010ACFC /* FirebaseCore.xcframework in Frameworks */ = {isa = PBXBuildFile; fileRef = 299CA1EF2BFC41A60010ACFC /* FirebaseCore.xcframework */; };
		299CA22A2BFC41A70010ACFC /* flutter_local_notifications.xcframework in Frameworks */ = {isa = PBXBuildFile; fileRef = 299CA1F02BFC41A60010ACFC /* flutter_local_notifications.xcframework */; };
		299CA22B2BFC41A70010ACFC /* GoogleUtilities.xcframework in Frameworks */ = {isa = PBXBuildFile; fileRef = 299CA1F12BFC41A60010ACFC /* GoogleUtilities.xcframework */; };
		299CA22C2BFC41A70010ACFC /* sqflite.xcframework in Frameworks */ = {isa = PBXBuildFile; fileRef = 299CA1F22BFC41A60010ACFC /* sqflite.xcframework */; };
		299CA22D2BFC41A70010ACFC /* FirebaseDatabase.xcframework in Frameworks */ = {isa = PBXBuildFile; fileRef = 299CA1F32BFC41A60010ACFC /* FirebaseDatabase.xcframework */; };
		299CA22E2BFC41A70010ACFC /* absl.xcframework in Frameworks */ = {isa = PBXBuildFile; fileRef = 299CA1F42BFC41A60010ACFC /* absl.xcframework */; };
		299CA22F2BFC41A70010ACFC /* nanopb.xcframework in Frameworks */ = {isa = PBXBuildFile; fileRef = 299CA1F52BFC41A60010ACFC /* nanopb.xcframework */; };
		299CA2302BFC41A70010ACFC /* FirebaseAuth.xcframework in Frameworks */ = {isa = PBXBuildFile; fileRef = 299CA1F62BFC41A60010ACFC /* FirebaseAuth.xcframework */; };
		299CA2312BFC41A70010ACFC /* store_redirect.xcframework in Frameworks */ = {isa = PBXBuildFile; fileRef = 299CA1F72BFC41A60010ACFC /* store_redirect.xcframework */; };
		299CA2322BFC41A70010ACFC /* Reachability.xcframework in Frameworks */ = {isa = PBXBuildFile; fileRef = 299CA1F82BFC41A60010ACFC /* Reachability.xcframework */; };
		299CA2332BFC41A70010ACFC /* firebase_auth.xcframework in Frameworks */ = {isa = PBXBuildFile; fileRef = 299CA1F92BFC41A60010ACFC /* firebase_auth.xcframework */; };
		299CA2342BFC41A70010ACFC /* firebase_core.xcframework in Frameworks */ = {isa = PBXBuildFile; fileRef = 299CA1FA2BFC41A60010ACFC /* firebase_core.xcframework */; };
		299CA2352BFC41A70010ACFC /* syncfusion_flutter_pdfviewer.xcframework in Frameworks */ = {isa = PBXBuildFile; fileRef = 299CA1FB2BFC41A60010ACFC /* syncfusion_flutter_pdfviewer.xcframework */; };
		299CA2362BFC41A70010ACFC /* GTMSessionFetcher.xcframework in Frameworks */ = {isa = PBXBuildFile; fileRef = 299CA1FC2BFC41A60010ACFC /* GTMSessionFetcher.xcframework */; };
		299CA2372BFC41A70010ACFC /* OrderedSet.xcframework in Frameworks */ = {isa = PBXBuildFile; fileRef = 299CA1FD2BFC41A60010ACFC /* OrderedSet.xcframework */; };
		299CA2382BFC41A70010ACFC /* connectivity_plus.xcframework in Frameworks */ = {isa = PBXBuildFile; fileRef = 299CA1FE2BFC41A60010ACFC /* connectivity_plus.xcframework */; };
		299CA2392BFC41A70010ACFC /* GoogleDataTransport.xcframework in Frameworks */ = {isa = PBXBuildFile; fileRef = 299CA1FF2BFC41A60010ACFC /* GoogleDataTransport.xcframework */; };
		299CA23A2BFC41A70010ACFC /* FirebaseInstallations.xcframework in Frameworks */ = {isa = PBXBuildFile; fileRef = 299CA2002BFC41A60010ACFC /* FirebaseInstallations.xcframework */; };
		299CA23B2BFC41A70010ACFC /* grpc.xcframework in Frameworks */ = {isa = PBXBuildFile; fileRef = 299CA2012BFC41A60010ACFC /* grpc.xcframework */; };
		299CA23C2BFC41A70010ACFC /* wakelock.xcframework in Frameworks */ = {isa = PBXBuildFile; fileRef = 299CA2022BFC41A60010ACFC /* wakelock.xcframework */; };
		299CA23D2BFC41A70010ACFC /* image_cropper.xcframework in Frameworks */ = {isa = PBXBuildFile; fileRef = 299CA2032BFC41A70010ACFC /* image_cropper.xcframework */; };
		299CA23E2BFC41A70010ACFC /* device_info_plus.xcframework in Frameworks */ = {isa = PBXBuildFile; fileRef = 299CA2042BFC41A70010ACFC /* device_info_plus.xcframework */; };
		299CA23F2BFC41A70010ACFC /* FirebaseMessaging.xcframework in Frameworks */ = {isa = PBXBuildFile; fileRef = 299CA2052BFC41A70010ACFC /* FirebaseMessaging.xcframework */; };
		299CA2402BFC41A70010ACFC /* openssl_grpc.xcframework in Frameworks */ = {isa = PBXBuildFile; fileRef = 299CA2062BFC41A70010ACFC /* openssl_grpc.xcframework */; };
		299CA2412BFC41A70010ACFC /* url_launcher_ios.xcframework in Frameworks */ = {isa = PBXBuildFile; fileRef = 299CA2072BFC41A70010ACFC /* url_launcher_ios.xcframework */; };
		299CA2422BFC41A70010ACFC /* permission_handler_apple.xcframework in Frameworks */ = {isa = PBXBuildFile; fileRef = 299CA2082BFC41A70010ACFC /* permission_handler_apple.xcframework */; };
		299CA2432BFC41A70010ACFC /* flutter_inappwebview.xcframework in Frameworks */ = {isa = PBXBuildFile; fileRef = 299CA2092BFC41A70010ACFC /* flutter_inappwebview.xcframework */; };
		299CA2442BFC41A70010ACFC /* FirebaseCoreInternal.xcframework in Frameworks */ = {isa = PBXBuildFile; fileRef = 299CA20A2BFC41A70010ACFC /* FirebaseCoreInternal.xcframework */; };
		299CA2452BFC41A70010ACFC /* webview_flutter_wkwebview.xcframework in Frameworks */ = {isa = PBXBuildFile; fileRef = 299CA20B2BFC41A70010ACFC /* webview_flutter_wkwebview.xcframework */; };
		299CA2462BFC41A70010ACFC /* FirebaseFirestore.xcframework in Frameworks */ = {isa = PBXBuildFile; fileRef = 299CA20C2BFC41A70010ACFC /* FirebaseFirestore.xcframework */; };
		299CA2472BFC41A70010ACFC /* isar_flutter_libs.xcframework in Frameworks */ = {isa = PBXBuildFile; fileRef = 299CA20D2BFC41A70010ACFC /* isar_flutter_libs.xcframework */; };
		299CA2482BFC41A70010ACFC /* cloud_firestore.xcframework in Frameworks */ = {isa = PBXBuildFile; fileRef = 299CA20E2BFC41A70010ACFC /* cloud_firestore.xcframework */; };
		299CA2492BFC41A70010ACFC /* qr_code_scanner.xcframework in Frameworks */ = {isa = PBXBuildFile; fileRef = 299CA20F2BFC41A70010ACFC /* qr_code_scanner.xcframework */; };
		299CA24A2BFC41A70010ACFC /* shared_preferences_foundation.xcframework in Frameworks */ = {isa = PBXBuildFile; fileRef = 299CA2102BFC41A70010ACFC /* shared_preferences_foundation.xcframework */; };
		299CA24B2BFC41A70010ACFC /* App.xcframework in Frameworks */ = {isa = PBXBuildFile; fileRef = 299CA2112BFC41A70010ACFC /* App.xcframework */; };
		299CA24C2BFC41B30010ACFC /* absl.xcframework in Embed Frameworks */ = {isa = PBXBuildFile; fileRef = 299CA1F42BFC41A60010ACFC /* absl.xcframework */; settings = {ATTRIBUTES = (CodeSignOnCopy, RemoveHeadersOnCopy, ); }; };
		299CA24D2BFC41B30010ACFC /* App.xcframework in Embed Frameworks */ = {isa = PBXBuildFile; fileRef = 299CA2112BFC41A70010ACFC /* App.xcframework */; settings = {ATTRIBUTES = (CodeSignOnCopy, RemoveHeadersOnCopy, ); }; };
		299CA24E2BFC41B30010ACFC /* cloud_firestore.xcframework in Embed Frameworks */ = {isa = PBXBuildFile; fileRef = 299CA20E2BFC41A70010ACFC /* cloud_firestore.xcframework */; settings = {ATTRIBUTES = (CodeSignOnCopy, RemoveHeadersOnCopy, ); }; };
		299CA24F2BFC41B30010ACFC /* connectivity_plus.xcframework in Embed Frameworks */ = {isa = PBXBuildFile; fileRef = 299CA1FE2BFC41A60010ACFC /* connectivity_plus.xcframework */; settings = {ATTRIBUTES = (CodeSignOnCopy, RemoveHeadersOnCopy, ); }; };
		299CA2502BFC41B30010ACFC /* device_info_plus.xcframework in Embed Frameworks */ = {isa = PBXBuildFile; fileRef = 299CA2042BFC41A70010ACFC /* device_info_plus.xcframework */; settings = {ATTRIBUTES = (CodeSignOnCopy, RemoveHeadersOnCopy, ); }; };
		299CA2512BFC41B30010ACFC /* FBLPromises.xcframework in Embed Frameworks */ = {isa = PBXBuildFile; fileRef = 299CA1DF2BFC41A60010ACFC /* FBLPromises.xcframework */; settings = {ATTRIBUTES = (CodeSignOnCopy, RemoveHeadersOnCopy, ); }; };
		299CA2522BFC41B30010ACFC /* firebase_analytics.xcframework in Embed Frameworks */ = {isa = PBXBuildFile; fileRef = 299CA1D82BFC41A60010ACFC /* firebase_analytics.xcframework */; settings = {ATTRIBUTES = (CodeSignOnCopy, RemoveHeadersOnCopy, ); }; };
		299CA2532BFC41B30010ACFC /* firebase_auth.xcframework in Embed Frameworks */ = {isa = PBXBuildFile; fileRef = 299CA1F92BFC41A60010ACFC /* firebase_auth.xcframework */; settings = {ATTRIBUTES = (CodeSignOnCopy, RemoveHeadersOnCopy, ); }; };
		299CA2542BFC41B30010ACFC /* firebase_core.xcframework in Embed Frameworks */ = {isa = PBXBuildFile; fileRef = 299CA1FA2BFC41A60010ACFC /* firebase_core.xcframework */; settings = {ATTRIBUTES = (CodeSignOnCopy, RemoveHeadersOnCopy, ); }; };
		299CA2552BFC41B30010ACFC /* firebase_database.xcframework in Embed Frameworks */ = {isa = PBXBuildFile; fileRef = 299CA1E42BFC41A60010ACFC /* firebase_database.xcframework */; settings = {ATTRIBUTES = (CodeSignOnCopy, RemoveHeadersOnCopy, ); }; };
		299CA2562BFC41B30010ACFC /* firebase_dynamic_links.xcframework in Embed Frameworks */ = {isa = PBXBuildFile; fileRef = 299CA1DD2BFC41A60010ACFC /* firebase_dynamic_links.xcframework */; settings = {ATTRIBUTES = (CodeSignOnCopy, RemoveHeadersOnCopy, ); }; };
		299CA2572BFC41B30010ACFC /* firebase_messaging.xcframework in Embed Frameworks */ = {isa = PBXBuildFile; fileRef = 299CA1E72BFC41A60010ACFC /* firebase_messaging.xcframework */; settings = {ATTRIBUTES = (CodeSignOnCopy, RemoveHeadersOnCopy, ); }; };
		299CA2582BFC41B30010ACFC /* FirebaseAppCheckInterop.xcframework in Embed Frameworks */ = {isa = PBXBuildFile; fileRef = 299CA1E92BFC41A60010ACFC /* FirebaseAppCheckInterop.xcframework */; settings = {ATTRIBUTES = (CodeSignOnCopy, RemoveHeadersOnCopy, ); }; };
		299CA2592BFC41B30010ACFC /* FirebaseAuth.xcframework in Embed Frameworks */ = {isa = PBXBuildFile; fileRef = 299CA1F62BFC41A60010ACFC /* FirebaseAuth.xcframework */; settings = {ATTRIBUTES = (CodeSignOnCopy, RemoveHeadersOnCopy, ); }; };
		299CA25A2BFC41B30010ACFC /* FirebaseCore.xcframework in Embed Frameworks */ = {isa = PBXBuildFile; fileRef = 299CA1EF2BFC41A60010ACFC /* FirebaseCore.xcframework */; settings = {ATTRIBUTES = (CodeSignOnCopy, RemoveHeadersOnCopy, ); }; };
		299CA25B2BFC41B30010ACFC /* FirebaseCoreInternal.xcframework in Embed Frameworks */ = {isa = PBXBuildFile; fileRef = 299CA20A2BFC41A70010ACFC /* FirebaseCoreInternal.xcframework */; settings = {ATTRIBUTES = (CodeSignOnCopy, RemoveHeadersOnCopy, ); }; };
		299CA25C2BFC41B30010ACFC /* FirebaseDatabase.xcframework in Embed Frameworks */ = {isa = PBXBuildFile; fileRef = 299CA1F32BFC41A60010ACFC /* FirebaseDatabase.xcframework */; settings = {ATTRIBUTES = (CodeSignOnCopy, RemoveHeadersOnCopy, ); }; };
		299CA25D2BFC41B30010ACFC /* FirebaseDynamicLinks.xcframework in Embed Frameworks */ = {isa = PBXBuildFile; fileRef = 299CA1DE2BFC41A60010ACFC /* FirebaseDynamicLinks.xcframework */; settings = {ATTRIBUTES = (CodeSignOnCopy, RemoveHeadersOnCopy, ); }; };
		299CA25E2BFC41B30010ACFC /* FirebaseFirestore.xcframework in Embed Frameworks */ = {isa = PBXBuildFile; fileRef = 299CA20C2BFC41A70010ACFC /* FirebaseFirestore.xcframework */; settings = {ATTRIBUTES = (CodeSignOnCopy, RemoveHeadersOnCopy, ); }; };
		299CA25F2BFC41B30010ACFC /* FirebaseInstallations.xcframework in Embed Frameworks */ = {isa = PBXBuildFile; fileRef = 299CA2002BFC41A60010ACFC /* FirebaseInstallations.xcframework */; settings = {ATTRIBUTES = (CodeSignOnCopy, RemoveHeadersOnCopy, ); }; };
		299CA2602BFC41B30010ACFC /* FirebaseMessaging.xcframework in Embed Frameworks */ = {isa = PBXBuildFile; fileRef = 299CA2052BFC41A70010ACFC /* FirebaseMessaging.xcframework */; settings = {ATTRIBUTES = (CodeSignOnCopy, RemoveHeadersOnCopy, ); }; };
		299CA2612BFC41B30010ACFC /* flutter_inappwebview.xcframework in Embed Frameworks */ = {isa = PBXBuildFile; fileRef = 299CA2092BFC41A70010ACFC /* flutter_inappwebview.xcframework */; settings = {ATTRIBUTES = (CodeSignOnCopy, RemoveHeadersOnCopy, ); }; };
		299CA2622BFC41B30010ACFC /* flutter_keyboard_visibility.xcframework in Embed Frameworks */ = {isa = PBXBuildFile; fileRef = 299CA1EE2BFC41A60010ACFC /* flutter_keyboard_visibility.xcframework */; settings = {ATTRIBUTES = (CodeSignOnCopy, RemoveHeadersOnCopy, ); }; };
		299CA2632BFC41B30010ACFC /* flutter_local_notifications.xcframework in Embed Frameworks */ = {isa = PBXBuildFile; fileRef = 299CA1F02BFC41A60010ACFC /* flutter_local_notifications.xcframework */; settings = {ATTRIBUTES = (CodeSignOnCopy, RemoveHeadersOnCopy, ); }; };
		299CA2642BFC41B30010ACFC /* Flutter.xcframework in Embed Frameworks */ = {isa = PBXBuildFile; fileRef = 299CA1DC2BFC41A60010ACFC /* Flutter.xcframework */; settings = {ATTRIBUTES = (CodeSignOnCopy, RemoveHeadersOnCopy, ); }; };
		299CA2652BFC41B30010ACFC /* FlutterPluginRegistrant.xcframework in Embed Frameworks */ = {isa = PBXBuildFile; fileRef = 299CA1D92BFC41A60010ACFC /* FlutterPluginRegistrant.xcframework */; settings = {ATTRIBUTES = (CodeSignOnCopy, RemoveHeadersOnCopy, ); }; };
		299CA2662BFC41B30010ACFC /* fluttertoast.xcframework in Embed Frameworks */ = {isa = PBXBuildFile; fileRef = 299CA1DB2BFC41A60010ACFC /* fluttertoast.xcframework */; settings = {ATTRIBUTES = (CodeSignOnCopy, RemoveHeadersOnCopy, ); }; };
		299CA2672BFC41B30010ACFC /* FMDB.xcframework in Embed Frameworks */ = {isa = PBXBuildFile; fileRef = 299CA1E22BFC41A60010ACFC /* FMDB.xcframework */; settings = {ATTRIBUTES = (CodeSignOnCopy, RemoveHeadersOnCopy, ); }; };
		299CA2682BFC41B30010ACFC /* GoogleDataTransport.xcframework in Embed Frameworks */ = {isa = PBXBuildFile; fileRef = 299CA1FF2BFC41A60010ACFC /* GoogleDataTransport.xcframework */; settings = {ATTRIBUTES = (CodeSignOnCopy, RemoveHeadersOnCopy, ); }; };
		299CA2692BFC41B30010ACFC /* GoogleUtilities.xcframework in Embed Frameworks */ = {isa = PBXBuildFile; fileRef = 299CA1F12BFC41A60010ACFC /* GoogleUtilities.xcframework */; settings = {ATTRIBUTES = (CodeSignOnCopy, RemoveHeadersOnCopy, ); }; };
		299CA26A2BFC41B30010ACFC /* grpc.xcframework in Embed Frameworks */ = {isa = PBXBuildFile; fileRef = 299CA2012BFC41A60010ACFC /* grpc.xcframework */; settings = {ATTRIBUTES = (CodeSignOnCopy, RemoveHeadersOnCopy, ); }; };
		299CA26B2BFC41B30010ACFC /* grpcpp.xcframework in Embed Frameworks */ = {isa = PBXBuildFile; fileRef = 299CA1E12BFC41A60010ACFC /* grpcpp.xcframework */; settings = {ATTRIBUTES = (CodeSignOnCopy, RemoveHeadersOnCopy, ); }; };
		299CA26C2BFC41B30010ACFC /* GTMSessionFetcher.xcframework in Embed Frameworks */ = {isa = PBXBuildFile; fileRef = 299CA1FC2BFC41A60010ACFC /* GTMSessionFetcher.xcframework */; settings = {ATTRIBUTES = (CodeSignOnCopy, RemoveHeadersOnCopy, ); }; };
		299CA26D2BFC41B30010ACFC /* image_cropper.xcframework in Embed Frameworks */ = {isa = PBXBuildFile; fileRef = 299CA2032BFC41A70010ACFC /* image_cropper.xcframework */; settings = {ATTRIBUTES = (CodeSignOnCopy, RemoveHeadersOnCopy, ); }; };
		299CA26E2BFC41B30010ACFC /* image_picker_ios.xcframework in Embed Frameworks */ = {isa = PBXBuildFile; fileRef = 299CA1E82BFC41A60010ACFC /* image_picker_ios.xcframework */; settings = {ATTRIBUTES = (CodeSignOnCopy, RemoveHeadersOnCopy, ); }; };
		299CA26F2BFC41B30010ACFC /* isar_flutter_libs.xcframework in Embed Frameworks */ = {isa = PBXBuildFile; fileRef = 299CA20D2BFC41A70010ACFC /* isar_flutter_libs.xcframework */; settings = {ATTRIBUTES = (CodeSignOnCopy, RemoveHeadersOnCopy, ); }; };
		299CA2702BFC41B30010ACFC /* leveldb.xcframework in Embed Frameworks */ = {isa = PBXBuildFile; fileRef = 299CA1EA2BFC41A60010ACFC /* leveldb.xcframework */; settings = {ATTRIBUTES = (CodeSignOnCopy, RemoveHeadersOnCopy, ); }; };
		299CA2712BFC41B30010ACFC /* MTBBarcodeScanner.xcframework in Embed Frameworks */ = {isa = PBXBuildFile; fileRef = 299CA1E52BFC41A60010ACFC /* MTBBarcodeScanner.xcframework */; settings = {ATTRIBUTES = (CodeSignOnCopy, RemoveHeadersOnCopy, ); }; };
		299CA2722BFC41B30010ACFC /* nanopb.xcframework in Embed Frameworks */ = {isa = PBXBuildFile; fileRef = 299CA1F52BFC41A60010ACFC /* nanopb.xcframework */; settings = {ATTRIBUTES = (CodeSignOnCopy, RemoveHeadersOnCopy, ); }; };
		299CA2732BFC41B30010ACFC /* openssl_grpc.xcframework in Embed Frameworks */ = {isa = PBXBuildFile; fileRef = 299CA2062BFC41A70010ACFC /* openssl_grpc.xcframework */; settings = {ATTRIBUTES = (CodeSignOnCopy, RemoveHeadersOnCopy, ); }; };
		299CA2742BFC41B30010ACFC /* OrderedSet.xcframework in Embed Frameworks */ = {isa = PBXBuildFile; fileRef = 299CA1FD2BFC41A60010ACFC /* OrderedSet.xcframework */; settings = {ATTRIBUTES = (CodeSignOnCopy, RemoveHeadersOnCopy, ); }; };
		299CA2752BFC41B30010ACFC /* package_info_plus.xcframework in Embed Frameworks */ = {isa = PBXBuildFile; fileRef = 299CA1E02BFC41A60010ACFC /* package_info_plus.xcframework */; settings = {ATTRIBUTES = (CodeSignOnCopy, RemoveHeadersOnCopy, ); }; };
		299CA2762BFC41B30010ACFC /* path_provider_foundation.xcframework in Embed Frameworks */ = {isa = PBXBuildFile; fileRef = 299CA1EB2BFC41A60010ACFC /* path_provider_foundation.xcframework */; settings = {ATTRIBUTES = (CodeSignOnCopy, RemoveHeadersOnCopy, ); }; };
		299CA2772BFC41B30010ACFC /* permission_handler_apple.xcframework in Embed Frameworks */ = {isa = PBXBuildFile; fileRef = 299CA2082BFC41A70010ACFC /* permission_handler_apple.xcframework */; settings = {ATTRIBUTES = (CodeSignOnCopy, RemoveHeadersOnCopy, ); }; };
		299CA2782BFC41B30010ACFC /* qr_code_scanner.xcframework in Embed Frameworks */ = {isa = PBXBuildFile; fileRef = 299CA20F2BFC41A70010ACFC /* qr_code_scanner.xcframework */; settings = {ATTRIBUTES = (CodeSignOnCopy, RemoveHeadersOnCopy, ); }; };
		299CA2792BFC41B30010ACFC /* Reachability.xcframework in Embed Frameworks */ = {isa = PBXBuildFile; fileRef = 299CA1F82BFC41A60010ACFC /* Reachability.xcframework */; settings = {ATTRIBUTES = (CodeSignOnCopy, RemoveHeadersOnCopy, ); }; };
		299CA27A2BFC41B30010ACFC /* RecaptchaInterop.xcframework in Embed Frameworks */ = {isa = PBXBuildFile; fileRef = 299CA1DA2BFC41A60010ACFC /* RecaptchaInterop.xcframework */; settings = {ATTRIBUTES = (CodeSignOnCopy, RemoveHeadersOnCopy, ); }; };
		299CA27B2BFC41B30010ACFC /* share_plus.xcframework in Embed Frameworks */ = {isa = PBXBuildFile; fileRef = 299CA1E32BFC41A60010ACFC /* share_plus.xcframework */; settings = {ATTRIBUTES = (CodeSignOnCopy, RemoveHeadersOnCopy, ); }; };
		299CA27C2BFC41B30010ACFC /* shared_preferences_foundation.xcframework in Embed Frameworks */ = {isa = PBXBuildFile; fileRef = 299CA2102BFC41A70010ACFC /* shared_preferences_foundation.xcframework */; settings = {ATTRIBUTES = (CodeSignOnCopy, RemoveHeadersOnCopy, ); }; };
		299CA27D2BFC41B30010ACFC /* sqflite.xcframework in Embed Frameworks */ = {isa = PBXBuildFile; fileRef = 299CA1F22BFC41A60010ACFC /* sqflite.xcframework */; settings = {ATTRIBUTES = (CodeSignOnCopy, RemoveHeadersOnCopy, ); }; };
		299CA27E2BFC41B30010ACFC /* store_redirect.xcframework in Embed Frameworks */ = {isa = PBXBuildFile; fileRef = 299CA1F72BFC41A60010ACFC /* store_redirect.xcframework */; settings = {ATTRIBUTES = (CodeSignOnCopy, RemoveHeadersOnCopy, ); }; };
		299CA27F2BFC41B30010ACFC /* syncfusion_flutter_pdfviewer.xcframework in Embed Frameworks */ = {isa = PBXBuildFile; fileRef = 299CA1FB2BFC41A60010ACFC /* syncfusion_flutter_pdfviewer.xcframework */; settings = {ATTRIBUTES = (CodeSignOnCopy, RemoveHeadersOnCopy, ); }; };
		299CA2802BFC41B30010ACFC /* Toast.xcframework in Embed Frameworks */ = {isa = PBXBuildFile; fileRef = 299CA1E62BFC41A60010ACFC /* Toast.xcframework */; settings = {ATTRIBUTES = (CodeSignOnCopy, RemoveHeadersOnCopy, ); }; };
		299CA2812BFC41B30010ACFC /* TOCropViewController.xcframework in Embed Frameworks */ = {isa = PBXBuildFile; fileRef = 299CA1EC2BFC41A60010ACFC /* TOCropViewController.xcframework */; settings = {ATTRIBUTES = (CodeSignOnCopy, RemoveHeadersOnCopy, ); }; };
		299CA2822BFC41B30010ACFC /* url_launcher_ios.xcframework in Embed Frameworks */ = {isa = PBXBuildFile; fileRef = 299CA2072BFC41A70010ACFC /* url_launcher_ios.xcframework */; settings = {ATTRIBUTES = (CodeSignOnCopy, RemoveHeadersOnCopy, ); }; };
		299CA2832BFC41B30010ACFC /* video_player_avfoundation.xcframework in Embed Frameworks */ = {isa = PBXBuildFile; fileRef = 299CA1ED2BFC41A60010ACFC /* video_player_avfoundation.xcframework */; settings = {ATTRIBUTES = (CodeSignOnCopy, RemoveHeadersOnCopy, ); }; };
		299CA2842BFC41B30010ACFC /* wakelock.xcframework in Embed Frameworks */ = {isa = PBXBuildFile; fileRef = 299CA2022BFC41A60010ACFC /* wakelock.xcframework */; settings = {ATTRIBUTES = (CodeSignOnCopy, RemoveHeadersOnCopy, ); }; };
		299CA2852BFC41B30010ACFC /* webview_flutter_wkwebview.xcframework in Embed Frameworks */ = {isa = PBXBuildFile; fileRef = 299CA20B2BFC41A70010ACFC /* webview_flutter_wkwebview.xcframework */; settings = {ATTRIBUTES = (CodeSignOnCopy, RemoveHeadersOnCopy, ); }; };
		29D2D8192BC8D5D900B1F236 /* AppDelegate.swift in Sources */ = {isa = PBXBuildFile; fileRef = 29D2D8182BC8D5D900B1F236 /* AppDelegate.swift */; };
		29D2D81B2BC8D5D900B1F236 /* SceneDelegate.swift in Sources */ = {isa = PBXBuildFile; fileRef = 29D2D81A2BC8D5D900B1F236 /* SceneDelegate.swift */; };
		29D2D81D2BC8D5D900B1F236 /* ViewController.swift in Sources */ = {isa = PBXBuildFile; fileRef = 29D2D81C2BC8D5D900B1F236 /* ViewController.swift */; };
		29D2D8202BC8D5D900B1F236 /* Base in Resources */ = {isa = PBXBuildFile; fileRef = 29D2D81F2BC8D5D900B1F236 /* Base */; };
		29D2D8222BC8D5DA00B1F236 /* Assets.xcassets in Resources */ = {isa = PBXBuildFile; fileRef = 29D2D8212BC8D5DA00B1F236 /* Assets.xcassets */; };
		29D2D8252BC8D5DA00B1F236 /* Base in Resources */ = {isa = PBXBuildFile; fileRef = 29D2D8242BC8D5DA00B1F236 /* Base */; };
		29D2D8302BC8D5DA00B1F236 /* ios_app_moduleTests.swift in Sources */ = {isa = PBXBuildFile; fileRef = 29D2D82F2BC8D5DA00B1F236 /* ios_app_moduleTests.swift */; };
		29D2D83A2BC8D5DA00B1F236 /* ios_app_moduleUITests.swift in Sources */ = {isa = PBXBuildFile; fileRef = 29D2D8392BC8D5DA00B1F236 /* ios_app_moduleUITests.swift */; };
		29D2D83C2BC8D5DA00B1F236 /* ios_app_moduleUITestsLaunchTests.swift in Sources */ = {isa = PBXBuildFile; fileRef = 29D2D83B2BC8D5DA00B1F236 /* ios_app_moduleUITestsLaunchTests.swift */; };
		29FC39E82BFB6C59003FD6F8 /* GoogleService-Info.plist in Resources */ = {isa = PBXBuildFile; fileRef = 29FC39E72BFB6C59003FD6F8 /* GoogleService-Info.plist */; };
/* End PBXBuildFile section */

/* Begin PBXContainerItemProxy section */
		29D2D82C2BC8D5DA00B1F236 /* PBXContainerItemProxy */ = {
			isa = PBXContainerItemProxy;
			containerPortal = 29D2D80D2BC8D5D900B1F236 /* Project object */;
			proxyType = 1;
			remoteGlobalIDString = 29D2D8142BC8D5D900B1F236;
			remoteInfo = "ios-app-module";
		};
		29D2D8362BC8D5DA00B1F236 /* PBXContainerItemProxy */ = {
			isa = PBXContainerItemProxy;
			containerPortal = 29D2D80D2BC8D5D900B1F236 /* Project object */;
			proxyType = 1;
			remoteGlobalIDString = 29D2D8142BC8D5D900B1F236;
			remoteInfo = "ios-app-module";
		};
/* End PBXContainerItemProxy section */

/* Begin PBXCopyFilesBuildPhase section */
		29D2D8512BC8D8FB00B1F236 /* Embed Frameworks */ = {
			isa = PBXCopyFilesBuildPhase;
			buildActionMask = 12;
			dstPath = "";
			dstSubfolderSpec = 10;
			files = (
				299CA24C2BFC41B30010ACFC /* absl.xcframework in Embed Frameworks */,
				299CA24D2BFC41B30010ACFC /* App.xcframework in Embed Frameworks */,
				299CA24E2BFC41B30010ACFC /* cloud_firestore.xcframework in Embed Frameworks */,
				299CA24F2BFC41B30010ACFC /* connectivity_plus.xcframework in Embed Frameworks */,
				299CA2502BFC41B30010ACFC /* device_info_plus.xcframework in Embed Frameworks */,
				299CA2512BFC41B30010ACFC /* FBLPromises.xcframework in Embed Frameworks */,
				299CA2522BFC41B30010ACFC /* firebase_analytics.xcframework in Embed Frameworks */,
				299CA2532BFC41B30010ACFC /* firebase_auth.xcframework in Embed Frameworks */,
				299CA2542BFC41B30010ACFC /* firebase_core.xcframework in Embed Frameworks */,
				299CA2552BFC41B30010ACFC /* firebase_database.xcframework in Embed Frameworks */,
				299CA2562BFC41B30010ACFC /* firebase_dynamic_links.xcframework in Embed Frameworks */,
				299CA2572BFC41B30010ACFC /* firebase_messaging.xcframework in Embed Frameworks */,
				299CA2582BFC41B30010ACFC /* FirebaseAppCheckInterop.xcframework in Embed Frameworks */,
				299CA2592BFC41B30010ACFC /* FirebaseAuth.xcframework in Embed Frameworks */,
				299CA25A2BFC41B30010ACFC /* FirebaseCore.xcframework in Embed Frameworks */,
				299CA25B2BFC41B30010ACFC /* FirebaseCoreInternal.xcframework in Embed Frameworks */,
				299CA25C2BFC41B30010ACFC /* FirebaseDatabase.xcframework in Embed Frameworks */,
				299CA25D2BFC41B30010ACFC /* FirebaseDynamicLinks.xcframework in Embed Frameworks */,
				299CA25E2BFC41B30010ACFC /* FirebaseFirestore.xcframework in Embed Frameworks */,
				299CA25F2BFC41B30010ACFC /* FirebaseInstallations.xcframework in Embed Frameworks */,
				299CA2602BFC41B30010ACFC /* FirebaseMessaging.xcframework in Embed Frameworks */,
				299CA2612BFC41B30010ACFC /* flutter_inappwebview.xcframework in Embed Frameworks */,
				299CA2622BFC41B30010ACFC /* flutter_keyboard_visibility.xcframework in Embed Frameworks */,
				299CA2632BFC41B30010ACFC /* flutter_local_notifications.xcframework in Embed Frameworks */,
				299CA2642BFC41B30010ACFC /* Flutter.xcframework in Embed Frameworks */,
				299CA2652BFC41B30010ACFC /* FlutterPluginRegistrant.xcframework in Embed Frameworks */,
				299CA2662BFC41B30010ACFC /* fluttertoast.xcframework in Embed Frameworks */,
				299CA2672BFC41B30010ACFC /* FMDB.xcframework in Embed Frameworks */,
				299CA2682BFC41B30010ACFC /* GoogleDataTransport.xcframework in Embed Frameworks */,
				299CA2692BFC41B30010ACFC /* GoogleUtilities.xcframework in Embed Frameworks */,
				299CA26A2BFC41B30010ACFC /* grpc.xcframework in Embed Frameworks */,
				299CA26B2BFC41B30010ACFC /* grpcpp.xcframework in Embed Frameworks */,
				299CA26C2BFC41B30010ACFC /* GTMSessionFetcher.xcframework in Embed Frameworks */,
				299CA26D2BFC41B30010ACFC /* image_cropper.xcframework in Embed Frameworks */,
				299CA26E2BFC41B30010ACFC /* image_picker_ios.xcframework in Embed Frameworks */,
				299CA26F2BFC41B30010ACFC /* isar_flutter_libs.xcframework in Embed Frameworks */,
				299CA2702BFC41B30010ACFC /* leveldb.xcframework in Embed Frameworks */,
				299CA2712BFC41B30010ACFC /* MTBBarcodeScanner.xcframework in Embed Frameworks */,
				299CA2722BFC41B30010ACFC /* nanopb.xcframework in Embed Frameworks */,
				299CA2732BFC41B30010ACFC /* openssl_grpc.xcframework in Embed Frameworks */,
				299CA2742BFC41B30010ACFC /* OrderedSet.xcframework in Embed Frameworks */,
				299CA2752BFC41B30010ACFC /* package_info_plus.xcframework in Embed Frameworks */,
				299CA2762BFC41B30010ACFC /* path_provider_foundation.xcframework in Embed Frameworks */,
				299CA2772BFC41B30010ACFC /* permission_handler_apple.xcframework in Embed Frameworks */,
				299CA2782BFC41B30010ACFC /* qr_code_scanner.xcframework in Embed Frameworks */,
				299CA2792BFC41B30010ACFC /* Reachability.xcframework in Embed Frameworks */,
				299CA27A2BFC41B30010ACFC /* RecaptchaInterop.xcframework in Embed Frameworks */,
				299CA27B2BFC41B30010ACFC /* share_plus.xcframework in Embed Frameworks */,
				299CA27C2BFC41B30010ACFC /* shared_preferences_foundation.xcframework in Embed Frameworks */,
				299CA27D2BFC41B30010ACFC /* sqflite.xcframework in Embed Frameworks */,
				299CA27E2BFC41B30010ACFC /* store_redirect.xcframework in Embed Frameworks */,
				299CA27F2BFC41B30010ACFC /* syncfusion_flutter_pdfviewer.xcframework in Embed Frameworks */,
				299CA2802BFC41B30010ACFC /* Toast.xcframework in Embed Frameworks */,
				299CA2812BFC41B30010ACFC /* TOCropViewController.xcframework in Embed Frameworks */,
				299CA2822BFC41B30010ACFC /* url_launcher_ios.xcframework in Embed Frameworks */,
				299CA2832BFC41B30010ACFC /* video_player_avfoundation.xcframework in Embed Frameworks */,
				299CA2842BFC41B30010ACFC /* wakelock.xcframework in Embed Frameworks */,
				299CA2852BFC41B30010ACFC /* webview_flutter_wkwebview.xcframework in Embed Frameworks */,
			);
			name = "Embed Frameworks";
			runOnlyForDeploymentPostprocessing = 0;
		};
/* End PBXCopyFilesBuildPhase section */

/* Begin PBXFileReference section */
		299CA1D82BFC41A60010ACFC /* firebase_analytics.xcframework */ = {isa = PBXFileReference; lastKnownFileType = wrapper.xcframework; path = firebase_analytics.xcframework; sourceTree = "<group>"; };
		299CA1D92BFC41A60010ACFC /* FlutterPluginRegistrant.xcframework */ = {isa = PBXFileReference; lastKnownFileType = wrapper.xcframework; path = FlutterPluginRegistrant.xcframework; sourceTree = "<group>"; };
		299CA1DA2BFC41A60010ACFC /* RecaptchaInterop.xcframework */ = {isa = PBXFileReference; lastKnownFileType = wrapper.xcframework; path = RecaptchaInterop.xcframework; sourceTree = "<group>"; };
		299CA1DB2BFC41A60010ACFC /* fluttertoast.xcframework */ = {isa = PBXFileReference; lastKnownFileType = wrapper.xcframework; path = fluttertoast.xcframework; sourceTree = "<group>"; };
		299CA1DC2BFC41A60010ACFC /* Flutter.xcframework */ = {isa = PBXFileReference; lastKnownFileType = wrapper.xcframework; path = Flutter.xcframework; sourceTree = "<group>"; };
		299CA1DD2BFC41A60010ACFC /* firebase_dynamic_links.xcframework */ = {isa = PBXFileReference; lastKnownFileType = wrapper.xcframework; path = firebase_dynamic_links.xcframework; sourceTree = "<group>"; };
		299CA1DE2BFC41A60010ACFC /* FirebaseDynamicLinks.xcframework */ = {isa = PBXFileReference; lastKnownFileType = wrapper.xcframework; path = FirebaseDynamicLinks.xcframework; sourceTree = "<group>"; };
		299CA1DF2BFC41A60010ACFC /* FBLPromises.xcframework */ = {isa = PBXFileReference; lastKnownFileType = wrapper.xcframework; path = FBLPromises.xcframework; sourceTree = "<group>"; };
		299CA1E02BFC41A60010ACFC /* package_info_plus.xcframework */ = {isa = PBXFileReference; lastKnownFileType = wrapper.xcframework; path = package_info_plus.xcframework; sourceTree = "<group>"; };
		299CA1E12BFC41A60010ACFC /* grpcpp.xcframework */ = {isa = PBXFileReference; lastKnownFileType = wrapper.xcframework; path = grpcpp.xcframework; sourceTree = "<group>"; };
		299CA1E22BFC41A60010ACFC /* FMDB.xcframework */ = {isa = PBXFileReference; lastKnownFileType = wrapper.xcframework; path = FMDB.xcframework; sourceTree = "<group>"; };
		299CA1E32BFC41A60010ACFC /* share_plus.xcframework */ = {isa = PBXFileReference; lastKnownFileType = wrapper.xcframework; path = share_plus.xcframework; sourceTree = "<group>"; };
		299CA1E42BFC41A60010ACFC /* firebase_database.xcframework */ = {isa = PBXFileReference; lastKnownFileType = wrapper.xcframework; path = firebase_database.xcframework; sourceTree = "<group>"; };
		299CA1E52BFC41A60010ACFC /* MTBBarcodeScanner.xcframework */ = {isa = PBXFileReference; lastKnownFileType = wrapper.xcframework; path = MTBBarcodeScanner.xcframework; sourceTree = "<group>"; };
		299CA1E62BFC41A60010ACFC /* Toast.xcframework */ = {isa = PBXFileReference; lastKnownFileType = wrapper.xcframework; path = Toast.xcframework; sourceTree = "<group>"; };
		299CA1E72BFC41A60010ACFC /* firebase_messaging.xcframework */ = {isa = PBXFileReference; lastKnownFileType = wrapper.xcframework; path = firebase_messaging.xcframework; sourceTree = "<group>"; };
		299CA1E82BFC41A60010ACFC /* image_picker_ios.xcframework */ = {isa = PBXFileReference; lastKnownFileType = wrapper.xcframework; path = image_picker_ios.xcframework; sourceTree = "<group>"; };
		299CA1E92BFC41A60010ACFC /* FirebaseAppCheckInterop.xcframework */ = {isa = PBXFileReference; lastKnownFileType = wrapper.xcframework; path = FirebaseAppCheckInterop.xcframework; sourceTree = "<group>"; };
		299CA1EA2BFC41A60010ACFC /* leveldb.xcframework */ = {isa = PBXFileReference; lastKnownFileType = wrapper.xcframework; path = leveldb.xcframework; sourceTree = "<group>"; };
		299CA1EB2BFC41A60010ACFC /* path_provider_foundation.xcframework */ = {isa = PBXFileReference; lastKnownFileType = wrapper.xcframework; path = path_provider_foundation.xcframework; sourceTree = "<group>"; };
		299CA1EC2BFC41A60010ACFC /* TOCropViewController.xcframework */ = {isa = PBXFileReference; lastKnownFileType = wrapper.xcframework; path = TOCropViewController.xcframework; sourceTree = "<group>"; };
		299CA1ED2BFC41A60010ACFC /* video_player_avfoundation.xcframework */ = {isa = PBXFileReference; lastKnownFileType = wrapper.xcframework; path = video_player_avfoundation.xcframework; sourceTree = "<group>"; };
		299CA1EE2BFC41A60010ACFC /* flutter_keyboard_visibility.xcframework */ = {isa = PBXFileReference; lastKnownFileType = wrapper.xcframework; path = flutter_keyboard_visibility.xcframework; sourceTree = "<group>"; };
		299CA1EF2BFC41A60010ACFC /* FirebaseCore.xcframework */ = {isa = PBXFileReference; lastKnownFileType = wrapper.xcframework; path = FirebaseCore.xcframework; sourceTree = "<group>"; };
		299CA1F02BFC41A60010ACFC /* flutter_local_notifications.xcframework */ = {isa = PBXFileReference; lastKnownFileType = wrapper.xcframework; path = flutter_local_notifications.xcframework; sourceTree = "<group>"; };
		299CA1F12BFC41A60010ACFC /* GoogleUtilities.xcframework */ = {isa = PBXFileReference; lastKnownFileType = wrapper.xcframework; path = GoogleUtilities.xcframework; sourceTree = "<group>"; };
		299CA1F22BFC41A60010ACFC /* sqflite.xcframework */ = {isa = PBXFileReference; lastKnownFileType = wrapper.xcframework; path = sqflite.xcframework; sourceTree = "<group>"; };
		299CA1F32BFC41A60010ACFC /* FirebaseDatabase.xcframework */ = {isa = PBXFileReference; lastKnownFileType = wrapper.xcframework; path = FirebaseDatabase.xcframework; sourceTree = "<group>"; };
		299CA1F42BFC41A60010ACFC /* absl.xcframework */ = {isa = PBXFileReference; lastKnownFileType = wrapper.xcframework; path = absl.xcframework; sourceTree = "<group>"; };
		299CA1F52BFC41A60010ACFC /* nanopb.xcframework */ = {isa = PBXFileReference; lastKnownFileType = wrapper.xcframework; path = nanopb.xcframework; sourceTree = "<group>"; };
		299CA1F62BFC41A60010ACFC /* FirebaseAuth.xcframework */ = {isa = PBXFileReference; lastKnownFileType = wrapper.xcframework; path = FirebaseAuth.xcframework; sourceTree = "<group>"; };
		299CA1F72BFC41A60010ACFC /* store_redirect.xcframework */ = {isa = PBXFileReference; lastKnownFileType = wrapper.xcframework; path = store_redirect.xcframework; sourceTree = "<group>"; };
		299CA1F82BFC41A60010ACFC /* Reachability.xcframework */ = {isa = PBXFileReference; lastKnownFileType = wrapper.xcframework; path = Reachability.xcframework; sourceTree = "<group>"; };
		299CA1F92BFC41A60010ACFC /* firebase_auth.xcframework */ = {isa = PBXFileReference; lastKnownFileType = wrapper.xcframework; path = firebase_auth.xcframework; sourceTree = "<group>"; };
		299CA1FA2BFC41A60010ACFC /* firebase_core.xcframework */ = {isa = PBXFileReference; lastKnownFileType = wrapper.xcframework; path = firebase_core.xcframework; sourceTree = "<group>"; };
		299CA1FB2BFC41A60010ACFC /* syncfusion_flutter_pdfviewer.xcframework */ = {isa = PBXFileReference; lastKnownFileType = wrapper.xcframework; path = syncfusion_flutter_pdfviewer.xcframework; sourceTree = "<group>"; };
		299CA1FC2BFC41A60010ACFC /* GTMSessionFetcher.xcframework */ = {isa = PBXFileReference; lastKnownFileType = wrapper.xcframework; path = GTMSessionFetcher.xcframework; sourceTree = "<group>"; };
		299CA1FD2BFC41A60010ACFC /* OrderedSet.xcframework */ = {isa = PBXFileReference; lastKnownFileType = wrapper.xcframework; path = OrderedSet.xcframework; sourceTree = "<group>"; };
		299CA1FE2BFC41A60010ACFC /* connectivity_plus.xcframework */ = {isa = PBXFileReference; lastKnownFileType = wrapper.xcframework; path = connectivity_plus.xcframework; sourceTree = "<group>"; };
		299CA1FF2BFC41A60010ACFC /* GoogleDataTransport.xcframework */ = {isa = PBXFileReference; lastKnownFileType = wrapper.xcframework; path = GoogleDataTransport.xcframework; sourceTree = "<group>"; };
		299CA2002BFC41A60010ACFC /* FirebaseInstallations.xcframework */ = {isa = PBXFileReference; lastKnownFileType = wrapper.xcframework; path = FirebaseInstallations.xcframework; sourceTree = "<group>"; };
		299CA2012BFC41A60010ACFC /* grpc.xcframework */ = {isa = PBXFileReference; lastKnownFileType = wrapper.xcframework; path = grpc.xcframework; sourceTree = "<group>"; };
		299CA2022BFC41A60010ACFC /* wakelock.xcframework */ = {isa = PBXFileReference; lastKnownFileType = wrapper.xcframework; path = wakelock.xcframework; sourceTree = "<group>"; };
		299CA2032BFC41A70010ACFC /* image_cropper.xcframework */ = {isa = PBXFileReference; lastKnownFileType = wrapper.xcframework; path = image_cropper.xcframework; sourceTree = "<group>"; };
		299CA2042BFC41A70010ACFC /* device_info_plus.xcframework */ = {isa = PBXFileReference; lastKnownFileType = wrapper.xcframework; path = device_info_plus.xcframework; sourceTree = "<group>"; };
		299CA2052BFC41A70010ACFC /* FirebaseMessaging.xcframework */ = {isa = PBXFileReference; lastKnownFileType = wrapper.xcframework; path = FirebaseMessaging.xcframework; sourceTree = "<group>"; };
		299CA2062BFC41A70010ACFC /* openssl_grpc.xcframework */ = {isa = PBXFileReference; lastKnownFileType = wrapper.xcframework; path = openssl_grpc.xcframework; sourceTree = "<group>"; };
		299CA2072BFC41A70010ACFC /* url_launcher_ios.xcframework */ = {isa = PBXFileReference; lastKnownFileType = wrapper.xcframework; path = url_launcher_ios.xcframework; sourceTree = "<group>"; };
		299CA2082BFC41A70010ACFC /* permission_handler_apple.xcframework */ = {isa = PBXFileReference; lastKnownFileType = wrapper.xcframework; path = permission_handler_apple.xcframework; sourceTree = "<group>"; };
		299CA2092BFC41A70010ACFC /* flutter_inappwebview.xcframework */ = {isa = PBXFileReference; lastKnownFileType = wrapper.xcframework; path = flutter_inappwebview.xcframework; sourceTree = "<group>"; };
		299CA20A2BFC41A70010ACFC /* FirebaseCoreInternal.xcframework */ = {isa = PBXFileReference; lastKnownFileType = wrapper.xcframework; path = FirebaseCoreInternal.xcframework; sourceTree = "<group>"; };
		299CA20B2BFC41A70010ACFC /* webview_flutter_wkwebview.xcframework */ = {isa = PBXFileReference; lastKnownFileType = wrapper.xcframework; path = webview_flutter_wkwebview.xcframework; sourceTree = "<group>"; };
		299CA20C2BFC41A70010ACFC /* FirebaseFirestore.xcframework */ = {isa = PBXFileReference; lastKnownFileType = wrapper.xcframework; path = FirebaseFirestore.xcframework; sourceTree = "<group>"; };
		299CA20D2BFC41A70010ACFC /* isar_flutter_libs.xcframework */ = {isa = PBXFileReference; lastKnownFileType = wrapper.xcframework; path = isar_flutter_libs.xcframework; sourceTree = "<group>"; };
		299CA20E2BFC41A70010ACFC /* cloud_firestore.xcframework */ = {isa = PBXFileReference; lastKnownFileType = wrapper.xcframework; path = cloud_firestore.xcframework; sourceTree = "<group>"; };
		299CA20F2BFC41A70010ACFC /* qr_code_scanner.xcframework */ = {isa = PBXFileReference; lastKnownFileType = wrapper.xcframework; path = qr_code_scanner.xcframework; sourceTree = "<group>"; };
		299CA2102BFC41A70010ACFC /* shared_preferences_foundation.xcframework */ = {isa = PBXFileReference; lastKnownFileType = wrapper.xcframework; path = shared_preferences_foundation.xcframework; sourceTree = "<group>"; };
		299CA2112BFC41A70010ACFC /* App.xcframework */ = {isa = PBXFileReference; lastKnownFileType = wrapper.xcframework; path = App.xcframework; sourceTree = "<group>"; };
		29D2D8152BC8D5D900B1F236 /* ios-app-module.app */ = {isa = PBXFileReference; explicitFileType = wrapper.application; includeInIndex = 0; path = "ios-app-module.app"; sourceTree = BUILT_PRODUCTS_DIR; };
		29D2D8182BC8D5D900B1F236 /* AppDelegate.swift */ = {isa = PBXFileReference; lastKnownFileType = sourcecode.swift; path = AppDelegate.swift; sourceTree = "<group>"; };
		29D2D81A2BC8D5D900B1F236 /* SceneDelegate.swift */ = {isa = PBXFileReference; lastKnownFileType = sourcecode.swift; path = SceneDelegate.swift; sourceTree = "<group>"; };
		29D2D81C2BC8D5D900B1F236 /* ViewController.swift */ = {isa = PBXFileReference; lastKnownFileType = sourcecode.swift; path = ViewController.swift; sourceTree = "<group>"; };
		29D2D81F2BC8D5D900B1F236 /* Base */ = {isa = PBXFileReference; lastKnownFileType = file.storyboard; name = Base; path = Base.lproj/Main.storyboard; sourceTree = "<group>"; };
		29D2D8212BC8D5DA00B1F236 /* Assets.xcassets */ = {isa = PBXFileReference; lastKnownFileType = folder.assetcatalog; path = Assets.xcassets; sourceTree = "<group>"; };
		29D2D8242BC8D5DA00B1F236 /* Base */ = {isa = PBXFileReference; lastKnownFileType = file.storyboard; name = Base; path = Base.lproj/LaunchScreen.storyboard; sourceTree = "<group>"; };
		29D2D8262BC8D5DA00B1F236 /* Info.plist */ = {isa = PBXFileReference; lastKnownFileType = text.plist.xml; path = Info.plist; sourceTree = "<group>"; };
		29D2D82B2BC8D5DA00B1F236 /* ios-app-moduleTests.xctest */ = {isa = PBXFileReference; explicitFileType = wrapper.cfbundle; includeInIndex = 0; path = "ios-app-moduleTests.xctest"; sourceTree = BUILT_PRODUCTS_DIR; };
		29D2D82F2BC8D5DA00B1F236 /* ios_app_moduleTests.swift */ = {isa = PBXFileReference; lastKnownFileType = sourcecode.swift; path = ios_app_moduleTests.swift; sourceTree = "<group>"; };
		29D2D8352BC8D5DA00B1F236 /* ios-app-moduleUITests.xctest */ = {isa = PBXFileReference; explicitFileType = wrapper.cfbundle; includeInIndex = 0; path = "ios-app-moduleUITests.xctest"; sourceTree = BUILT_PRODUCTS_DIR; };
		29D2D8392BC8D5DA00B1F236 /* ios_app_moduleUITests.swift */ = {isa = PBXFileReference; lastKnownFileType = sourcecode.swift; path = ios_app_moduleUITests.swift; sourceTree = "<group>"; };
		29D2D83B2BC8D5DA00B1F236 /* ios_app_moduleUITestsLaunchTests.swift */ = {isa = PBXFileReference; lastKnownFileType = sourcecode.swift; path = ios_app_moduleUITestsLaunchTests.swift; sourceTree = "<group>"; };
		29FC39E72BFB6C59003FD6F8 /* GoogleService-Info.plist */ = {isa = PBXFileReference; fileEncoding = 4; lastKnownFileType = text.plist.xml; path = "GoogleService-Info.plist"; sourceTree = "<group>"; };
/* End PBXFileReference section */

/* Begin PBXFrameworksBuildPhase section */
		29D2D8122BC8D5D900B1F236 /* Frameworks */ = {
			isa = PBXFrameworksBuildPhase;
			buildActionMask = 2147483647;
			files = (
				299CA2282BFC41A70010ACFC /* flutter_keyboard_visibility.xcframework in Frameworks */,
				299CA2472BFC41A70010ACFC /* isar_flutter_libs.xcframework in Frameworks */,
				299CA23F2BFC41A70010ACFC /* FirebaseMessaging.xcframework in Frameworks */,
				299CA2402BFC41A70010ACFC /* openssl_grpc.xcframework in Frameworks */,
				299CA22D2BFC41A70010ACFC /* FirebaseDatabase.xcframework in Frameworks */,
				299CA2292BFC41A70010ACFC /* FirebaseCore.xcframework in Frameworks */,
				299CA23A2BFC41A70010ACFC /* FirebaseInstallations.xcframework in Frameworks */,
				299CA22F2BFC41A70010ACFC /* nanopb.xcframework in Frameworks */,
				299CA2162BFC41A70010ACFC /* Flutter.xcframework in Frameworks */,
				299CA22B2BFC41A70010ACFC /* GoogleUtilities.xcframework in Frameworks */,
				299CA2332BFC41A70010ACFC /* firebase_auth.xcframework in Frameworks */,
				299CA2342BFC41A70010ACFC /* firebase_core.xcframework in Frameworks */,
				299CA22A2BFC41A70010ACFC /* flutter_local_notifications.xcframework in Frameworks */,
				299CA2152BFC41A70010ACFC /* fluttertoast.xcframework in Frameworks */,
				299CA23C2BFC41A70010ACFC /* wakelock.xcframework in Frameworks */,
				299CA23E2BFC41A70010ACFC /* device_info_plus.xcframework in Frameworks */,
				299CA2392BFC41A70010ACFC /* GoogleDataTransport.xcframework in Frameworks */,
				299CA2452BFC41A70010ACFC /* webview_flutter_wkwebview.xcframework in Frameworks */,
				299CA23D2BFC41A70010ACFC /* image_cropper.xcframework in Frameworks */,
				299CA24B2BFC41A70010ACFC /* App.xcframework in Frameworks */,
				299CA2182BFC41A70010ACFC /* FirebaseDynamicLinks.xcframework in Frameworks */,
				299CA2302BFC41A70010ACFC /* FirebaseAuth.xcframework in Frameworks */,
				299CA24A2BFC41A70010ACFC /* shared_preferences_foundation.xcframework in Frameworks */,
				299CA2422BFC41A70010ACFC /* permission_handler_apple.xcframework in Frameworks */,
				299CA2442BFC41A70010ACFC /* FirebaseCoreInternal.xcframework in Frameworks */,
				299CA2212BFC41A70010ACFC /* firebase_messaging.xcframework in Frameworks */,
				299CA2172BFC41A70010ACFC /* firebase_dynamic_links.xcframework in Frameworks */,
				299CA2432BFC41A70010ACFC /* flutter_inappwebview.xcframework in Frameworks */,
				299CA2192BFC41A70010ACFC /* FBLPromises.xcframework in Frameworks */,
				299CA2202BFC41A70010ACFC /* Toast.xcframework in Frameworks */,
				299CA2132BFC41A70010ACFC /* FlutterPluginRegistrant.xcframework in Frameworks */,
				299CA2312BFC41A70010ACFC /* store_redirect.xcframework in Frameworks */,
				299CA22E2BFC41A70010ACFC /* absl.xcframework in Frameworks */,
				299CA2252BFC41A70010ACFC /* path_provider_foundation.xcframework in Frameworks */,
				299CA21E2BFC41A70010ACFC /* firebase_database.xcframework in Frameworks */,
				299CA2272BFC41A70010ACFC /* video_player_avfoundation.xcframework in Frameworks */,
				299CA2142BFC41A70010ACFC /* RecaptchaInterop.xcframework in Frameworks */,
				299CA21D2BFC41A70010ACFC /* share_plus.xcframework in Frameworks */,
				299CA2352BFC41A70010ACFC /* syncfusion_flutter_pdfviewer.xcframework in Frameworks */,
				299CA21F2BFC41A70010ACFC /* MTBBarcodeScanner.xcframework in Frameworks */,
				299CA2412BFC41A70010ACFC /* url_launcher_ios.xcframework in Frameworks */,
				299CA2222BFC41A70010ACFC /* image_picker_ios.xcframework in Frameworks */,
				299CA21B2BFC41A70010ACFC /* grpcpp.xcframework in Frameworks */,
				299CA22C2BFC41A70010ACFC /* sqflite.xcframework in Frameworks */,
				299CA2242BFC41A70010ACFC /* leveldb.xcframework in Frameworks */,
				299CA2322BFC41A70010ACFC /* Reachability.xcframework in Frameworks */,
				299CA2382BFC41A70010ACFC /* connectivity_plus.xcframework in Frameworks */,
				299CA2362BFC41A70010ACFC /* GTMSessionFetcher.xcframework in Frameworks */,
				299CA2372BFC41A70010ACFC /* OrderedSet.xcframework in Frameworks */,
				299CA2482BFC41A70010ACFC /* cloud_firestore.xcframework in Frameworks */,
				299CA2492BFC41A70010ACFC /* qr_code_scanner.xcframework in Frameworks */,
				299CA2462BFC41A70010ACFC /* FirebaseFirestore.xcframework in Frameworks */,
				299CA2122BFC41A70010ACFC /* firebase_analytics.xcframework in Frameworks */,
				299CA23B2BFC41A70010ACFC /* grpc.xcframework in Frameworks */,
				299CA21C2BFC41A70010ACFC /* FMDB.xcframework in Frameworks */,
				299CA2262BFC41A70010ACFC /* TOCropViewController.xcframework in Frameworks */,
				299CA21A2BFC41A70010ACFC /* package_info_plus.xcframework in Frameworks */,
				299CA2232BFC41A70010ACFC /* FirebaseAppCheckInterop.xcframework in Frameworks */,
			);
			runOnlyForDeploymentPostprocessing = 0;
		};
		29D2D8282BC8D5DA00B1F236 /* Frameworks */ = {
			isa = PBXFrameworksBuildPhase;
			buildActionMask = 2147483647;
			files = (
			);
			runOnlyForDeploymentPostprocessing = 0;
		};
		29D2D8322BC8D5DA00B1F236 /* Frameworks */ = {
			isa = PBXFrameworksBuildPhase;
			buildActionMask = 2147483647;
			files = (
			);
			runOnlyForDeploymentPostprocessing = 0;
		};
/* End PBXFrameworksBuildPhase section */

/* Begin PBXGroup section */
		29D2D80C2BC8D5D900B1F236 = {
			isa = PBXGroup;
			children = (
				29D2D8D52BC8F00100B1F236 /* super_app_module */,
				29D2D8172BC8D5D900B1F236 /* ios-app-module */,
				29D2D82E2BC8D5DA00B1F236 /* ios-app-moduleTests */,
				29D2D8382BC8D5DA00B1F236 /* ios-app-moduleUITests */,
				29D2D8162BC8D5D900B1F236 /* Products */,
			);
			sourceTree = "<group>";
		};
		29D2D8162BC8D5D900B1F236 /* Products */ = {
			isa = PBXGroup;
			children = (
				29D2D8152BC8D5D900B1F236 /* ios-app-module.app */,
				29D2D82B2BC8D5DA00B1F236 /* ios-app-moduleTests.xctest */,
				29D2D8352BC8D5DA00B1F236 /* ios-app-moduleUITests.xctest */,
			);
			name = Products;
			sourceTree = "<group>";
		};
		29D2D8172BC8D5D900B1F236 /* ios-app-module */ = {
			isa = PBXGroup;
			children = (
				29FC39E72BFB6C59003FD6F8 /* GoogleService-Info.plist */,
				29D2D8182BC8D5D900B1F236 /* AppDelegate.swift */,
				29D2D81A2BC8D5D900B1F236 /* SceneDelegate.swift */,
				29D2D81C2BC8D5D900B1F236 /* ViewController.swift */,
				29D2D81E2BC8D5D900B1F236 /* Main.storyboard */,
				29D2D8212BC8D5DA00B1F236 /* Assets.xcassets */,
				29D2D8232BC8D5DA00B1F236 /* LaunchScreen.storyboard */,
				29D2D8262BC8D5DA00B1F236 /* Info.plist */,
			);
			path = "ios-app-module";
			sourceTree = "<group>";
		};
		29D2D82E2BC8D5DA00B1F236 /* ios-app-moduleTests */ = {
			isa = PBXGroup;
			children = (
				29D2D82F2BC8D5DA00B1F236 /* ios_app_moduleTests.swift */,
			);
			path = "ios-app-moduleTests";
			sourceTree = "<group>";
		};
		29D2D8382BC8D5DA00B1F236 /* ios-app-moduleUITests */ = {
			isa = PBXGroup;
			children = (
				29D2D8392BC8D5DA00B1F236 /* ios_app_moduleUITests.swift */,
				29D2D83B2BC8D5DA00B1F236 /* ios_app_moduleUITestsLaunchTests.swift */,
			);
			path = "ios-app-moduleUITests";
			sourceTree = "<group>";
		};
		29D2D8D52BC8F00100B1F236 /* super_app_module */ = {
			isa = PBXGroup;
			children = (
				299CA1F42BFC41A60010ACFC /* absl.xcframework */,
				299CA2112BFC41A70010ACFC /* App.xcframework */,
				299CA20E2BFC41A70010ACFC /* cloud_firestore.xcframework */,
				299CA1FE2BFC41A60010ACFC /* connectivity_plus.xcframework */,
				299CA2042BFC41A70010ACFC /* device_info_plus.xcframework */,
				299CA1DF2BFC41A60010ACFC /* FBLPromises.xcframework */,
				299CA1D82BFC41A60010ACFC /* firebase_analytics.xcframework */,
				299CA1F92BFC41A60010ACFC /* firebase_auth.xcframework */,
				299CA1FA2BFC41A60010ACFC /* firebase_core.xcframework */,
				299CA1E42BFC41A60010ACFC /* firebase_database.xcframework */,
				299CA1DD2BFC41A60010ACFC /* firebase_dynamic_links.xcframework */,
				299CA1E72BFC41A60010ACFC /* firebase_messaging.xcframework */,
				299CA1E92BFC41A60010ACFC /* FirebaseAppCheckInterop.xcframework */,
				299CA1F62BFC41A60010ACFC /* FirebaseAuth.xcframework */,
				299CA1EF2BFC41A60010ACFC /* FirebaseCore.xcframework */,
				299CA20A2BFC41A70010ACFC /* FirebaseCoreInternal.xcframework */,
				299CA1F32BFC41A60010ACFC /* FirebaseDatabase.xcframework */,
				299CA1DE2BFC41A60010ACFC /* FirebaseDynamicLinks.xcframework */,
				299CA20C2BFC41A70010ACFC /* FirebaseFirestore.xcframework */,
				299CA2002BFC41A60010ACFC /* FirebaseInstallations.xcframework */,
				299CA2052BFC41A70010ACFC /* FirebaseMessaging.xcframework */,
				299CA2092BFC41A70010ACFC /* flutter_inappwebview.xcframework */,
				299CA1EE2BFC41A60010ACFC /* flutter_keyboard_visibility.xcframework */,
				299CA1F02BFC41A60010ACFC /* flutter_local_notifications.xcframework */,
				299CA1DC2BFC41A60010ACFC /* Flutter.xcframework */,
				299CA1D92BFC41A60010ACFC /* FlutterPluginRegistrant.xcframework */,
				299CA1DB2BFC41A60010ACFC /* fluttertoast.xcframework */,
				299CA1E22BFC41A60010ACFC /* FMDB.xcframework */,
				299CA1FF2BFC41A60010ACFC /* GoogleDataTransport.xcframework */,
				299CA1F12BFC41A60010ACFC /* GoogleUtilities.xcframework */,
				299CA2012BFC41A60010ACFC /* grpc.xcframework */,
				299CA1E12BFC41A60010ACFC /* grpcpp.xcframework */,
				299CA1FC2BFC41A60010ACFC /* GTMSessionFetcher.xcframework */,
				299CA2032BFC41A70010ACFC /* image_cropper.xcframework */,
				299CA1E82BFC41A60010ACFC /* image_picker_ios.xcframework */,
				299CA20D2BFC41A70010ACFC /* isar_flutter_libs.xcframework */,
				299CA1EA2BFC41A60010ACFC /* leveldb.xcframework */,
				299CA1E52BFC41A60010ACFC /* MTBBarcodeScanner.xcframework */,
				299CA1F52BFC41A60010ACFC /* nanopb.xcframework */,
				299CA2062BFC41A70010ACFC /* openssl_grpc.xcframework */,
				299CA1FD2BFC41A60010ACFC /* OrderedSet.xcframework */,
				299CA1E02BFC41A60010ACFC /* package_info_plus.xcframework */,
				299CA1EB2BFC41A60010ACFC /* path_provider_foundation.xcframework */,
				299CA2082BFC41A70010ACFC /* permission_handler_apple.xcframework */,
				299CA20F2BFC41A70010ACFC /* qr_code_scanner.xcframework */,
				299CA1F82BFC41A60010ACFC /* Reachability.xcframework */,
				299CA1DA2BFC41A60010ACFC /* RecaptchaInterop.xcframework */,
				299CA1E32BFC41A60010ACFC /* share_plus.xcframework */,
				299CA2102BFC41A70010ACFC /* shared_preferences_foundation.xcframework */,
				299CA1F22BFC41A60010ACFC /* sqflite.xcframework */,
				299CA1F72BFC41A60010ACFC /* store_redirect.xcframework */,
				299CA1FB2BFC41A60010ACFC /* syncfusion_flutter_pdfviewer.xcframework */,
				299CA1E62BFC41A60010ACFC /* Toast.xcframework */,
				299CA1EC2BFC41A60010ACFC /* TOCropViewController.xcframework */,
				299CA2072BFC41A70010ACFC /* url_launcher_ios.xcframework */,
				299CA1ED2BFC41A60010ACFC /* video_player_avfoundation.xcframework */,
				299CA2022BFC41A60010ACFC /* wakelock.xcframework */,
				299CA20B2BFC41A70010ACFC /* webview_flutter_wkwebview.xcframework */,
			);
			path = super_app_module;
			sourceTree = "<group>";
		};
/* End PBXGroup section */

/* Begin PBXNativeTarget section */
		29D2D8142BC8D5D900B1F236 /* ios-app-module */ = {
			isa = PBXNativeTarget;
			buildConfigurationList = 29D2D83F2BC8D5DA00B1F236 /* Build configuration list for PBXNativeTarget "ios-app-module" */;
			buildPhases = (
				29D2D8112BC8D5D900B1F236 /* Sources */,
				29D2D8122BC8D5D900B1F236 /* Frameworks */,
				29D2D8132BC8D5D900B1F236 /* Resources */,
				29D2D8512BC8D8FB00B1F236 /* Embed Frameworks */,
			);
			buildRules = (
			);
			dependencies = (
			);
			name = "ios-app-module";
			productName = "ios-app-module";
			productReference = 29D2D8152BC8D5D900B1F236 /* ios-app-module.app */;
			productType = "com.apple.product-type.application";
		};
		29D2D82A2BC8D5DA00B1F236 /* ios-app-moduleTests */ = {
			isa = PBXNativeTarget;
			buildConfigurationList = 29D2D8422BC8D5DA00B1F236 /* Build configuration list for PBXNativeTarget "ios-app-moduleTests" */;
			buildPhases = (
				29D2D8272BC8D5DA00B1F236 /* Sources */,
				29D2D8282BC8D5DA00B1F236 /* Frameworks */,
				29D2D8292BC8D5DA00B1F236 /* Resources */,
			);
			buildRules = (
			);
			dependencies = (
				29D2D82D2BC8D5DA00B1F236 /* PBXTargetDependency */,
			);
			name = "ios-app-moduleTests";
			productName = "ios-app-moduleTests";
			productReference = 29D2D82B2BC8D5DA00B1F236 /* ios-app-moduleTests.xctest */;
			productType = "com.apple.product-type.bundle.unit-test";
		};
		29D2D8342BC8D5DA00B1F236 /* ios-app-moduleUITests */ = {
			isa = PBXNativeTarget;
			buildConfigurationList = 29D2D8452BC8D5DA00B1F236 /* Build configuration list for PBXNativeTarget "ios-app-moduleUITests" */;
			buildPhases = (
				29D2D8312BC8D5DA00B1F236 /* Sources */,
				29D2D8322BC8D5DA00B1F236 /* Frameworks */,
				29D2D8332BC8D5DA00B1F236 /* Resources */,
			);
			buildRules = (
			);
			dependencies = (
				29D2D8372BC8D5DA00B1F236 /* PBXTargetDependency */,
			);
			name = "ios-app-moduleUITests";
			productName = "ios-app-moduleUITests";
			productReference = 29D2D8352BC8D5DA00B1F236 /* ios-app-moduleUITests.xctest */;
			productType = "com.apple.product-type.bundle.ui-testing";
		};
/* End PBXNativeTarget section */

/* Begin PBXProject section */
		29D2D80D2BC8D5D900B1F236 /* Project object */ = {
			isa = PBXProject;
			attributes = {
				BuildIndependentTargetsInParallel = 1;
				LastSwiftUpdateCheck = 1530;
				LastUpgradeCheck = 1530;
				TargetAttributes = {
					29D2D8142BC8D5D900B1F236 = {
						CreatedOnToolsVersion = 15.3;
					};
					29D2D82A2BC8D5DA00B1F236 = {
						CreatedOnToolsVersion = 15.3;
						TestTargetID = 29D2D8142BC8D5D900B1F236;
					};
					29D2D8342BC8D5DA00B1F236 = {
						CreatedOnToolsVersion = 15.3;
						TestTargetID = 29D2D8142BC8D5D900B1F236;
					};
				};
			};
			buildConfigurationList = 29D2D8102BC8D5D900B1F236 /* Build configuration list for PBXProject "ios-app-module" */;
			compatibilityVersion = "Xcode 14.0";
			developmentRegion = en;
			hasScannedForEncodings = 0;
			knownRegions = (
				en,
				Base,
			);
			mainGroup = 29D2D80C2BC8D5D900B1F236;
			packageReferences = (
				29FC39E22BFB6388003FD6F8 /* XCRemoteSwiftPackageReference "firebase-ios-sdk" */,
			);
			productRefGroup = 29D2D8162BC8D5D900B1F236 /* Products */;
			projectDirPath = "";
			projectRoot = "";
			targets = (
				29D2D8142BC8D5D900B1F236 /* ios-app-module */,
				29D2D82A2BC8D5DA00B1F236 /* ios-app-moduleTests */,
				29D2D8342BC8D5DA00B1F236 /* ios-app-moduleUITests */,
			);
		};
/* End PBXProject section */

/* Begin PBXResourcesBuildPhase section */
		29D2D8132BC8D5D900B1F236 /* Resources */ = {
			isa = PBXResourcesBuildPhase;
			buildActionMask = 2147483647;
			files = (
				29D2D8222BC8D5DA00B1F236 /* Assets.xcassets in Resources */,
				29FC39E82BFB6C59003FD6F8 /* GoogleService-Info.plist in Resources */,
				29D2D8252BC8D5DA00B1F236 /* Base in Resources */,
				29D2D8202BC8D5D900B1F236 /* Base in Resources */,
			);
			runOnlyForDeploymentPostprocessing = 0;
		};
		29D2D8292BC8D5DA00B1F236 /* Resources */ = {
			isa = PBXResourcesBuildPhase;
			buildActionMask = 2147483647;
			files = (
			);
			runOnlyForDeploymentPostprocessing = 0;
		};
		29D2D8332BC8D5DA00B1F236 /* Resources */ = {
			isa = PBXResourcesBuildPhase;
			buildActionMask = 2147483647;
			files = (
			);
			runOnlyForDeploymentPostprocessing = 0;
		};
/* End PBXResourcesBuildPhase section */

/* Begin PBXSourcesBuildPhase section */
		29D2D8112BC8D5D900B1F236 /* Sources */ = {
			isa = PBXSourcesBuildPhase;
			buildActionMask = 2147483647;
			files = (
				29D2D81D2BC8D5D900B1F236 /* ViewController.swift in Sources */,
				29D2D8192BC8D5D900B1F236 /* AppDelegate.swift in Sources */,
				29D2D81B2BC8D5D900B1F236 /* SceneDelegate.swift in Sources */,
			);
			runOnlyForDeploymentPostprocessing = 0;
		};
		29D2D8272BC8D5DA00B1F236 /* Sources */ = {
			isa = PBXSourcesBuildPhase;
			buildActionMask = 2147483647;
			files = (
				29D2D8302BC8D5DA00B1F236 /* ios_app_moduleTests.swift in Sources */,
			);
			runOnlyForDeploymentPostprocessing = 0;
		};
		29D2D8312BC8D5DA00B1F236 /* Sources */ = {
			isa = PBXSourcesBuildPhase;
			buildActionMask = 2147483647;
			files = (
				29D2D83C2BC8D5DA00B1F236 /* ios_app_moduleUITestsLaunchTests.swift in Sources */,
				29D2D83A2BC8D5DA00B1F236 /* ios_app_moduleUITests.swift in Sources */,
			);
			runOnlyForDeploymentPostprocessing = 0;
		};
/* End PBXSourcesBuildPhase section */

/* Begin PBXTargetDependency section */
		29D2D82D2BC8D5DA00B1F236 /* PBXTargetDependency */ = {
			isa = PBXTargetDependency;
			target = 29D2D8142BC8D5D900B1F236 /* ios-app-module */;
			targetProxy = 29D2D82C2BC8D5DA00B1F236 /* PBXContainerItemProxy */;
		};
		29D2D8372BC8D5DA00B1F236 /* PBXTargetDependency */ = {
			isa = PBXTargetDependency;
			target = 29D2D8142BC8D5D900B1F236 /* ios-app-module */;
			targetProxy = 29D2D8362BC8D5DA00B1F236 /* PBXContainerItemProxy */;
		};
/* End PBXTargetDependency section */

/* Begin PBXVariantGroup section */
		29D2D81E2BC8D5D900B1F236 /* Main.storyboard */ = {
			isa = PBXVariantGroup;
			children = (
				29D2D81F2BC8D5D900B1F236 /* Base */,
			);
			name = Main.storyboard;
			sourceTree = "<group>";
		};
		29D2D8232BC8D5DA00B1F236 /* LaunchScreen.storyboard */ = {
			isa = PBXVariantGroup;
			children = (
				29D2D8242BC8D5DA00B1F236 /* Base */,
			);
			name = LaunchScreen.storyboard;
			sourceTree = "<group>";
		};
/* End PBXVariantGroup section */

/* Begin XCBuildConfiguration section */
		29D2D83D2BC8D5DA00B1F236 /* Debug */ = {
			isa = XCBuildConfiguration;
			buildSettings = {
				ALWAYS_SEARCH_USER_PATHS = NO;
				ASSETCATALOG_COMPILER_GENERATE_SWIFT_ASSET_SYMBOL_EXTENSIONS = YES;
				CLANG_ANALYZER_NONNULL = YES;
				CLANG_ANALYZER_NUMBER_OBJECT_CONVERSION = YES_AGGRESSIVE;
				CLANG_CXX_LANGUAGE_STANDARD = "gnu++20";
				CLANG_ENABLE_MODULES = YES;
				CLANG_ENABLE_OBJC_ARC = YES;
				CLANG_ENABLE_OBJC_WEAK = YES;
				CLANG_WARN_BLOCK_CAPTURE_AUTORELEASING = YES;
				CLANG_WARN_BOOL_CONVERSION = YES;
				CLANG_WARN_COMMA = YES;
				CLANG_WARN_CONSTANT_CONVERSION = YES;
				CLANG_WARN_DEPRECATED_OBJC_IMPLEMENTATIONS = YES;
				CLANG_WARN_DIRECT_OBJC_ISA_USAGE = YES_ERROR;
				CLANG_WARN_DOCUMENTATION_COMMENTS = YES;
				CLANG_WARN_EMPTY_BODY = YES;
				CLANG_WARN_ENUM_CONVERSION = YES;
				CLANG_WARN_INFINITE_RECURSION = YES;
				CLANG_WARN_INT_CONVERSION = YES;
				CLANG_WARN_NON_LITERAL_NULL_CONVERSION = YES;
				CLANG_WARN_OBJC_IMPLICIT_RETAIN_SELF = YES;
				CLANG_WARN_OBJC_LITERAL_CONVERSION = YES;
				CLANG_WARN_OBJC_ROOT_CLASS = YES_ERROR;
				CLANG_WARN_QUOTED_INCLUDE_IN_FRAMEWORK_HEADER = YES;
				CLANG_WARN_RANGE_LOOP_ANALYSIS = YES;
				CLANG_WARN_STRICT_PROTOTYPES = YES;
				CLANG_WARN_SUSPICIOUS_MOVE = YES;
				CLANG_WARN_UNGUARDED_AVAILABILITY = YES_AGGRESSIVE;
				CLANG_WARN_UNREACHABLE_CODE = YES;
				CLANG_WARN__DUPLICATE_METHOD_MATCH = YES;
				COPY_PHASE_STRIP = NO;
				DEBUG_INFORMATION_FORMAT = dwarf;
				ENABLE_STRICT_OBJC_MSGSEND = YES;
				ENABLE_TESTABILITY = YES;
				ENABLE_USER_SCRIPT_SANDBOXING = YES;
				GCC_C_LANGUAGE_STANDARD = gnu17;
				GCC_DYNAMIC_NO_PIC = NO;
				GCC_NO_COMMON_BLOCKS = YES;
				GCC_OPTIMIZATION_LEVEL = 0;
				GCC_PREPROCESSOR_DEFINITIONS = (
					"DEBUG=1",
					"$(inherited)",
				);
				GCC_WARN_64_TO_32_BIT_CONVERSION = YES;
				GCC_WARN_ABOUT_RETURN_TYPE = YES_ERROR;
				GCC_WARN_UNDECLARED_SELECTOR = YES;
				GCC_WARN_UNINITIALIZED_AUTOS = YES_AGGRESSIVE;
				GCC_WARN_UNUSED_FUNCTION = YES;
				GCC_WARN_UNUSED_VARIABLE = YES;
				IPHONEOS_DEPLOYMENT_TARGET = 17.4;
				LOCALIZATION_PREFERS_STRING_CATALOGS = YES;
				MTL_ENABLE_DEBUG_INFO = INCLUDE_SOURCE;
				MTL_FAST_MATH = YES;
				ONLY_ACTIVE_ARCH = YES;
				SDKROOT = iphoneos;
				SWIFT_ACTIVE_COMPILATION_CONDITIONS = "DEBUG $(inherited)";
				SWIFT_OPTIMIZATION_LEVEL = "-Onone";
			};
			name = Debug;
		};
		29D2D83E2BC8D5DA00B1F236 /* Release */ = {
			isa = XCBuildConfiguration;
			buildSettings = {
				ALWAYS_SEARCH_USER_PATHS = NO;
				ASSETCATALOG_COMPILER_GENERATE_SWIFT_ASSET_SYMBOL_EXTENSIONS = YES;
				CLANG_ANALYZER_NONNULL = YES;
				CLANG_ANALYZER_NUMBER_OBJECT_CONVERSION = YES_AGGRESSIVE;
				CLANG_CXX_LANGUAGE_STANDARD = "gnu++20";
				CLANG_ENABLE_MODULES = YES;
				CLANG_ENABLE_OBJC_ARC = YES;
				CLANG_ENABLE_OBJC_WEAK = YES;
				CLANG_WARN_BLOCK_CAPTURE_AUTORELEASING = YES;
				CLANG_WARN_BOOL_CONVERSION = YES;
				CLANG_WARN_COMMA = YES;
				CLANG_WARN_CONSTANT_CONVERSION = YES;
				CLANG_WARN_DEPRECATED_OBJC_IMPLEMENTATIONS = YES;
				CLANG_WARN_DIRECT_OBJC_ISA_USAGE = YES_ERROR;
				CLANG_WARN_DOCUMENTATION_COMMENTS = YES;
				CLANG_WARN_EMPTY_BODY = YES;
				CLANG_WARN_ENUM_CONVERSION = YES;
				CLANG_WARN_INFINITE_RECURSION = YES;
				CLANG_WARN_INT_CONVERSION = YES;
				CLANG_WARN_NON_LITERAL_NULL_CONVERSION = YES;
				CLANG_WARN_OBJC_IMPLICIT_RETAIN_SELF = YES;
				CLANG_WARN_OBJC_LITERAL_CONVERSION = YES;
				CLANG_WARN_OBJC_ROOT_CLASS = YES_ERROR;
				CLANG_WARN_QUOTED_INCLUDE_IN_FRAMEWORK_HEADER = YES;
				CLANG_WARN_RANGE_LOOP_ANALYSIS = YES;
				CLANG_WARN_STRICT_PROTOTYPES = YES;
				CLANG_WARN_SUSPICIOUS_MOVE = YES;
				CLANG_WARN_UNGUARDED_AVAILABILITY = YES_AGGRESSIVE;
				CLANG_WARN_UNREACHABLE_CODE = YES;
				CLANG_WARN__DUPLICATE_METHOD_MATCH = YES;
				COPY_PHASE_STRIP = NO;
				DEBUG_INFORMATION_FORMAT = "dwarf-with-dsym";
				ENABLE_NS_ASSERTIONS = NO;
				ENABLE_STRICT_OBJC_MSGSEND = YES;
				ENABLE_USER_SCRIPT_SANDBOXING = YES;
				GCC_C_LANGUAGE_STANDARD = gnu17;
				GCC_NO_COMMON_BLOCKS = YES;
				GCC_WARN_64_TO_32_BIT_CONVERSION = YES;
				GCC_WARN_ABOUT_RETURN_TYPE = YES_ERROR;
				GCC_WARN_UNDECLARED_SELECTOR = YES;
				GCC_WARN_UNINITIALIZED_AUTOS = YES_AGGRESSIVE;
				GCC_WARN_UNUSED_FUNCTION = YES;
				GCC_WARN_UNUSED_VARIABLE = YES;
				IPHONEOS_DEPLOYMENT_TARGET = 17.4;
				LOCALIZATION_PREFERS_STRING_CATALOGS = YES;
				MTL_ENABLE_DEBUG_INFO = NO;
				MTL_FAST_MATH = YES;
				SDKROOT = iphoneos;
				SWIFT_COMPILATION_MODE = wholemodule;
				VALIDATE_PRODUCT = YES;
			};
			name = Release;
		};
		29D2D8402BC8D5DA00B1F236 /* Debug */ = {
			isa = XCBuildConfiguration;
			buildSettings = {
				ASSETCATALOG_COMPILER_APPICON_NAME = AppIcon;
				ASSETCATALOG_COMPILER_GLOBAL_ACCENT_COLOR_NAME = AccentColor;
				CODE_SIGN_STYLE = Automatic;
				CURRENT_PROJECT_VERSION = 1;
				DEVELOPMENT_TEAM = DRBUVLQWKW;
				GENERATE_INFOPLIST_FILE = YES;
				INFOPLIST_FILE = "ios-app-module/Info.plist";
				INFOPLIST_KEY_UIApplicationSupportsIndirectInputEvents = YES;
				INFOPLIST_KEY_UILaunchStoryboardName = LaunchScreen;
				INFOPLIST_KEY_UIMainStoryboardFile = Main;
				INFOPLIST_KEY_UISupportedInterfaceOrientations_iPad = "UIInterfaceOrientationPortrait UIInterfaceOrientationPortraitUpsideDown UIInterfaceOrientationLandscapeLeft UIInterfaceOrientationLandscapeRight";
				INFOPLIST_KEY_UISupportedInterfaceOrientations_iPhone = "UIInterfaceOrientationPortrait UIInterfaceOrientationLandscapeLeft UIInterfaceOrientationLandscapeRight";
				IPHONEOS_DEPLOYMENT_TARGET = 14.0;
				LD_RUNPATH_SEARCH_PATHS = (
					"$(inherited)",
					"@executable_path/Frameworks",
				);
				MARKETING_VERSION = 1.0;
				PRODUCT_BUNDLE_IDENTIFIER = "test.ios-app-module";
				PRODUCT_NAME = "$(TARGET_NAME)";
				SWIFT_EMIT_LOC_STRINGS = YES;
				SWIFT_VERSION = 5.0;
				TARGETED_DEVICE_FAMILY = "1,2";
			};
			name = Debug;
		};
		29D2D8412BC8D5DA00B1F236 /* Release */ = {
			isa = XCBuildConfiguration;
			buildSettings = {
				ASSETCATALOG_COMPILER_APPICON_NAME = AppIcon;
				ASSETCATALOG_COMPILER_GLOBAL_ACCENT_COLOR_NAME = AccentColor;
				CODE_SIGN_STYLE = Automatic;
				CURRENT_PROJECT_VERSION = 1;
				DEVELOPMENT_TEAM = DRBUVLQWKW;
				GENERATE_INFOPLIST_FILE = YES;
				INFOPLIST_FILE = "ios-app-module/Info.plist";
				INFOPLIST_KEY_UIApplicationSupportsIndirectInputEvents = YES;
				INFOPLIST_KEY_UILaunchStoryboardName = LaunchScreen;
				INFOPLIST_KEY_UIMainStoryboardFile = Main;
				INFOPLIST_KEY_UISupportedInterfaceOrientations_iPad = "UIInterfaceOrientationPortrait UIInterfaceOrientationPortraitUpsideDown UIInterfaceOrientationLandscapeLeft UIInterfaceOrientationLandscapeRight";
				INFOPLIST_KEY_UISupportedInterfaceOrientations_iPhone = "UIInterfaceOrientationPortrait UIInterfaceOrientationLandscapeLeft UIInterfaceOrientationLandscapeRight";
				IPHONEOS_DEPLOYMENT_TARGET = 14.0;
				LD_RUNPATH_SEARCH_PATHS = (
					"$(inherited)",
					"@executable_path/Frameworks",
				);
				MARKETING_VERSION = 1.0;
				PRODUCT_BUNDLE_IDENTIFIER = "test.ios-app-module";
				PRODUCT_NAME = "$(TARGET_NAME)";
				SWIFT_EMIT_LOC_STRINGS = YES;
				SWIFT_VERSION = 5.0;
				TARGETED_DEVICE_FAMILY = "1,2";
			};
			name = Release;
		};
		29D2D8432BC8D5DA00B1F236 /* Debug */ = {
			isa = XCBuildConfiguration;
			buildSettings = {
				ALWAYS_EMBED_SWIFT_STANDARD_LIBRARIES = YES;
				BUNDLE_LOADER = "$(TEST_HOST)";
				CODE_SIGN_STYLE = Automatic;
				CURRENT_PROJECT_VERSION = 1;
				DEVELOPMENT_TEAM = DRBUVLQWKW;
				GENERATE_INFOPLIST_FILE = YES;
				IPHONEOS_DEPLOYMENT_TARGET = 17.4;
				MARKETING_VERSION = 1.0;
				PRODUCT_BUNDLE_IDENTIFIER = "test.ios-app-moduleTests";
				PRODUCT_NAME = "$(TARGET_NAME)";
				SWIFT_EMIT_LOC_STRINGS = NO;
				SWIFT_VERSION = 5.0;
				TARGETED_DEVICE_FAMILY = "1,2";
				TEST_HOST = "$(BUILT_PRODUCTS_DIR)/ios-app-module.app/$(BUNDLE_EXECUTABLE_FOLDER_PATH)/ios-app-module";
			};
			name = Debug;
		};
		29D2D8442BC8D5DA00B1F236 /* Release */ = {
			isa = XCBuildConfiguration;
			buildSettings = {
				ALWAYS_EMBED_SWIFT_STANDARD_LIBRARIES = YES;
				BUNDLE_LOADER = "$(TEST_HOST)";
				CODE_SIGN_STYLE = Automatic;
				CURRENT_PROJECT_VERSION = 1;
				DEVELOPMENT_TEAM = DRBUVLQWKW;
				GENERATE_INFOPLIST_FILE = YES;
				IPHONEOS_DEPLOYMENT_TARGET = 17.4;
				MARKETING_VERSION = 1.0;
				PRODUCT_BUNDLE_IDENTIFIER = "test.ios-app-moduleTests";
				PRODUCT_NAME = "$(TARGET_NAME)";
				SWIFT_EMIT_LOC_STRINGS = NO;
				SWIFT_VERSION = 5.0;
				TARGETED_DEVICE_FAMILY = "1,2";
				TEST_HOST = "$(BUILT_PRODUCTS_DIR)/ios-app-module.app/$(BUNDLE_EXECUTABLE_FOLDER_PATH)/ios-app-module";
			};
			name = Release;
		};
		29D2D8462BC8D5DA00B1F236 /* Debug */ = {
			isa = XCBuildConfiguration;
			buildSettings = {
				ALWAYS_EMBED_SWIFT_STANDARD_LIBRARIES = YES;
				CODE_SIGN_STYLE = Automatic;
				CURRENT_PROJECT_VERSION = 1;
				DEVELOPMENT_TEAM = DRBUVLQWKW;
				GENERATE_INFOPLIST_FILE = YES;
				MARKETING_VERSION = 1.0;
				PRODUCT_BUNDLE_IDENTIFIER = "test.ios-app-moduleUITests";
				PRODUCT_NAME = "$(TARGET_NAME)";
				SWIFT_EMIT_LOC_STRINGS = NO;
				SWIFT_VERSION = 5.0;
				TARGETED_DEVICE_FAMILY = "1,2";
				TEST_TARGET_NAME = "ios-app-module";
			};
			name = Debug;
		};
		29D2D8472BC8D5DA00B1F236 /* Release */ = {
			isa = XCBuildConfiguration;
			buildSettings = {
				ALWAYS_EMBED_SWIFT_STANDARD_LIBRARIES = YES;
				CODE_SIGN_STYLE = Automatic;
				CURRENT_PROJECT_VERSION = 1;
				DEVELOPMENT_TEAM = DRBUVLQWKW;
				GENERATE_INFOPLIST_FILE = YES;
				MARKETING_VERSION = 1.0;
				PRODUCT_BUNDLE_IDENTIFIER = "test.ios-app-moduleUITests";
				PRODUCT_NAME = "$(TARGET_NAME)";
				SWIFT_EMIT_LOC_STRINGS = NO;
				SWIFT_VERSION = 5.0;
				TARGETED_DEVICE_FAMILY = "1,2";
				TEST_TARGET_NAME = "ios-app-module";
			};
			name = Release;
		};
/* End XCBuildConfiguration section */

/* Begin XCConfigurationList section */
		29D2D8102BC8D5D900B1F236 /* Build configuration list for PBXProject "ios-app-module" */ = {
			isa = XCConfigurationList;
			buildConfigurations = (
				29D2D83D2BC8D5DA00B1F236 /* Debug */,
				29D2D83E2BC8D5DA00B1F236 /* Release */,
			);
			defaultConfigurationIsVisible = 0;
			defaultConfigurationName = Release;
		};
		29D2D83F2BC8D5DA00B1F236 /* Build configuration list for PBXNativeTarget "ios-app-module" */ = {
			isa = XCConfigurationList;
			buildConfigurations = (
				29D2D8402BC8D5DA00B1F236 /* Debug */,
				29D2D8412BC8D5DA00B1F236 /* Release */,
			);
			defaultConfigurationIsVisible = 0;
			defaultConfigurationName = Release;
		};
		29D2D8422BC8D5DA00B1F236 /* Build configuration list for PBXNativeTarget "ios-app-moduleTests" */ = {
			isa = XCConfigurationList;
			buildConfigurations = (
				29D2D8432BC8D5DA00B1F236 /* Debug */,
				29D2D8442BC8D5DA00B1F236 /* Release */,
			);
			defaultConfigurationIsVisible = 0;
			defaultConfigurationName = Release;
		};
		29D2D8452BC8D5DA00B1F236 /* Build configuration list for PBXNativeTarget "ios-app-moduleUITests" */ = {
			isa = XCConfigurationList;
			buildConfigurations = (
				29D2D8462BC8D5DA00B1F236 /* Debug */,
				29D2D8472BC8D5DA00B1F236 /* Release */,
			);
			defaultConfigurationIsVisible = 0;
			defaultConfigurationName = Release;
		};
/* End XCConfigurationList section */

/* Begin XCRemoteSwiftPackageReference section */
		29FC39E22BFB6388003FD6F8 /* XCRemoteSwiftPackageReference "firebase-ios-sdk" */ = {
			isa = XCRemoteSwiftPackageReference;
			repositoryURL = "https://github.com/firebase/firebase-ios-sdk";
			requirement = {
				kind = upToNextMajorVersion;
				minimumVersion = 10.26.0;
			};
		};
/* End XCRemoteSwiftPackageReference section */
	};
	rootObject = 29D2D80D2BC8D5D900B1F236 /* Project object */;
}
